
Microsoft Visual Studio Solution File, Format Version 12.00
# Visual Studio 2012
Project("{8BC9CEB8-8B4A-11D0-8D11-00A0C91BC942}") = "LibAudioStream", "LibAudioStream.vcxproj", "{EF45AF65-7762-49BB-B0AA-9900B4C492AF}"
EndProject
Project("{059D6162-CD51-11D0-AE1F-00A0C90FFFC3}") = "LibAudioStreamJack", "LibAudioStreamJack.dsp", "{5A1B4F64-31F8-4588-B5F2-B3AA1BC43D45}"
EndProject
Project("{8BC9CEB8-8B4A-11D0-8D11-00A0C91BC942}") = "LibAudioStreamV19", "LibAudioStreamV19.vcxproj", "{7B96A55F-025A-4FF2-BB86-E4424FA3D08D}"
EndProject
Project("{8BC9CEB8-8B4A-11D0-8D11-00A0C91BC942}") = "fileplay", "fileplay.vcxproj", "{CAB4B666-7610-471C-AE6D-4CAA19809C7C}"
EndProject
Project("{8BC9CEB8-8B4A-11D0-8D11-00A0C91BC942}") = "fileplaycpp", "fileplaycpp.vcxproj", "{C39131A2-8BE4-4AD3-A780-F9DFF3D5392B}"
EndProject
Project("{8BC9CEB8-8B4A-11D0-8D11-00A0C91BC942}") = "testPlayer", "testPlayer.vcxproj", "{7F0DBEB3-8BDE-4066-80F8-977F65AC5495}"
EndProject
Global
	GlobalSection(SolutionConfigurationPlatforms) = preSolution
		Debug|Win32 = Debug|Win32
		Release|Win32 = Release|Win32
	EndGlobalSection
	GlobalSection(ProjectConfigurationPlatforms) = postSolution
		{EF45AF65-7762-49BB-B0AA-9900B4C492AF}.Debug|Win32.ActiveCfg = Debug|Win32
		{EF45AF65-7762-49BB-B0AA-9900B4C492AF}.Debug|Win32.Build.0 = Debug|Win32
		{EF45AF65-7762-49BB-B0AA-9900B4C492AF}.Release|Win32.ActiveCfg = Release|Win32
		{EF45AF65-7762-49BB-B0AA-9900B4C492AF}.Release|Win32.Build.0 = Release|Win32
		{7B96A55F-025A-4FF2-BB86-E4424FA3D08D}.Debug|Win32.ActiveCfg = Debug|Win32
		{7B96A55F-025A-4FF2-BB86-E4424FA3D08D}.Debug|Win32.Build.0 = Debug|Win32
		{7B96A55F-025A-4FF2-BB86-E4424FA3D08D}.Release|Win32.ActiveCfg = Release|Win32
		{7B96A55F-025A-4FF2-BB86-E4424FA3D08D}.Release|Win32.Build.0 = Release|Win32
		{CAB4B666-7610-471C-AE6D-4CAA19809C7C}.Debug|Win32.ActiveCfg = Debug|Win32
		{CAB4B666-7610-471C-AE6D-4CAA19809C7C}.Debug|Win32.Build.0 = Debug|Win32
		{CAB4B666-7610-471C-AE6D-4CAA19809C7C}.Release|Win32.ActiveCfg = Release|Win32
		{CAB4B666-7610-471C-AE6D-4CAA19809C7C}.Release|Win32.Build.0 = Release|Win32
		{C39131A2-8BE4-4AD3-A780-F9DFF3D5392B}.Debug|Win32.ActiveCfg = Debug|Win32
		{C39131A2-8BE4-4AD3-A780-F9DFF3D5392B}.Debug|Win32.Build.0 = Debug|Win32
		{C39131A2-8BE4-4AD3-A780-F9DFF3D5392B}.Release|Win32.ActiveCfg = Release|Win32
		{C39131A2-8BE4-4AD3-A780-F9DFF3D5392B}.Release|Win32.Build.0 = Release|Win32
		{7F0DBEB3-8BDE-4066-80F8-977F65AC5495}.Debug|Win32.ActiveCfg = Debug|Win32
		{7F0DBEB3-8BDE-4066-80F8-977F65AC5495}.Debug|Win32.Build.0 = Debug|Win32
		{7F0DBEB3-8BDE-4066-80F8-977F65AC5495}.Release|Win32.ActiveCfg = Release|Win32
		{7F0DBEB3-8BDE-4066-80F8-977F65AC5495}.Release|Win32.Build.0 = Release|Win32
	EndGlobalSection
	GlobalSection(SolutionProperties) = preSolution
		HideSolutionNode = FALSE
	EndGlobalSection
EndGlobal
