Microsoft Visual Studio Solution File, Format Version 8.00
Project("{8BC9CEB8-8B4A-11D0-8D11-00A0C91BC942}") = "LibAudioStream", "LibAudioStream.vcproj", "{EF45AF65-7762-49BB-B0AA-9900B4C492AF}"
	ProjectSection(ProjectDependencies) = postProject
	EndProjectSection
EndProject
Project("{8BC9CEB8-8B4A-11D0-8D11-00A0C91BC942}") = "LibAudioStreamJack", "LibAudioStreamJack.vcproj", "{1F3AFDAD-A933-44F6-89A9-4D7FDE6CAFE4}"
	ProjectSection(ProjectDependencies) = postProject
	EndProjectSection
EndProject
Project("{8BC9CEB8-8B4A-11D0-8D11-00A0C91BC942}") = "LibAudioStreamV19", "LibAudioStreamV19.vcproj", "{7B96A55F-025A-4FF2-BB86-E4424FA3D08D}"
	ProjectSection(ProjectDependencies) = postProject
	EndProjectSection
EndProject
Project("{8BC9CEB8-8B4A-11D0-8D11-00A0C91BC942}") = "fileplay", "fileplay.vcproj", "{CAB4B666-7610-471C-AE6D-4CAA19809C7C}"
	ProjectSection(ProjectDependencies) = postProject
	EndProjectSection
EndProject
Project("{8BC9CEB8-8B4A-11D0-8D11-00A0C91BC942}") = "fileplaycpp", "fileplaycpp.vcproj", "{C39131A2-8BE4-4AD3-A780-F9DFF3D5392B}"
	ProjectSection(ProjectDependencies) = postProject
	EndProjectSection
EndProject
Project("{8BC9CEB8-8B4A-11D0-8D11-00A0C91BC942}") = "testPlayer", "testPlayer.vcproj", "{7F0DBEB3-8BDE-4066-80F8-977F65AC5495}"
	ProjectSection(ProjectDependencies) = postProject
	EndProjectSection
EndProject
Global
	GlobalSection(SolutionConfiguration) = preSolution
		Debug = Debug
		Release = Release
	EndGlobalSection
	GlobalSection(ProjectConfiguration) = postSolution
		{EF45AF65-7762-49BB-B0AA-9900B4C492AF}.Debug.ActiveCfg = Debug|Win32
		{EF45AF65-7762-49BB-B0AA-9900B4C492AF}.Debug.Build.0 = Debug|Win32
		{EF45AF65-7762-49BB-B0AA-9900B4C492AF}.Release.ActiveCfg = Release|Win32
		{EF45AF65-7762-49BB-B0AA-9900B4C492AF}.Release.Build.0 = Release|Win32
		{1F3AFDAD-A933-44F6-89A9-4D7FDE6CAFE4}.Debug.ActiveCfg = Debug|Win32
		{1F3AFDAD-A933-44F6-89A9-4D7FDE6CAFE4}.Debug.Build.0 = Debug|Win32
		{1F3AFDAD-A933-44F6-89A9-4D7FDE6CAFE4}.Release.ActiveCfg = Release|Win32
		{1F3AFDAD-A933-44F6-89A9-4D7FDE6CAFE4}.Release.Build.0 = Release|Win32
		{7B96A55F-025A-4FF2-BB86-E4424FA3D08D}.Debug.ActiveCfg = Debug|Win32
		{7B96A55F-025A-4FF2-BB86-E4424FA3D08D}.Debug.Build.0 = Debug|Win32
		{7B96A55F-025A-4FF2-BB86-E4424FA3D08D}.Release.ActiveCfg = Release|Win32
		{7B96A55F-025A-4FF2-BB86-E4424FA3D08D}.Release.Build.0 = Release|Win32
		{CAB4B666-7610-471C-AE6D-4CAA19809C7C}.Debug.ActiveCfg = Debug|Win32
		{CAB4B666-7610-471C-AE6D-4CAA19809C7C}.Debug.Build.0 = Debug|Win32
		{CAB4B666-7610-471C-AE6D-4CAA19809C7C}.Release.ActiveCfg = Release|Win32
		{CAB4B666-7610-471C-AE6D-4CAA19809C7C}.Release.Build.0 = Release|Win32
		{C39131A2-8BE4-4AD3-A780-F9DFF3D5392B}.Debug.ActiveCfg = Debug|Win32
		{C39131A2-8BE4-4AD3-A780-F9DFF3D5392B}.Debug.Build.0 = Debug|Win32
		{C39131A2-8BE4-4AD3-A780-F9DFF3D5392B}.Release.ActiveCfg = Release|Win32
		{C39131A2-8BE4-4AD3-A780-F9DFF3D5392B}.Release.Build.0 = Release|Win32
		{7F0DBEB3-8BDE-4066-80F8-977F65AC5495}.Debug.ActiveCfg = Debug|Win32
		{7F0DBEB3-8BDE-4066-80F8-977F65AC5495}.Debug.Build.0 = Debug|Win32
		{7F0DBEB3-8BDE-4066-80F8-977F65AC5495}.Release.ActiveCfg = Release|Win32
		{7F0DBEB3-8BDE-4066-80F8-977F65AC5495}.Release.Build.0 = Release|Win32
	EndGlobalSection
	GlobalSection(ExtensibilityGlobals) = postSolution
	EndGlobalSection
	GlobalSection(ExtensibilityAddIns) = postSolution
	EndGlobalSection
EndGlobal
