// !$*UTF8*$!
{
	archiveVersion = 1;
	classes = {
	};
	objectVersion = 39;
	objects = {
		014CEA460018CE2711CA2923 = {
			buildSettings = {
				COPY_PHASE_STRIP = NO;
				GCC_DYNAMIC_NO_PIC = NO;
				GCC_ENABLE_FIX_AND_CONTINUE = YES;
				GCC_GENERATE_DEBUGGING_SYMBOLS = YES;
				GCC_OPTIMIZATION_LEVEL = 0;
				OPTIMIZATION_CFLAGS = "-O0";
				ZERO_LINK = YES;
			};
			isa = PBXBuildStyle;
			name = Development;
		};
		014CEA470018CE2711CA2923 = {
			buildSettings = {
				COPY_PHASE_STRIP = YES;
				GCC_ENABLE_FIX_AND_CONTINUE = NO;
				ZERO_LINK = NO;
			};
			isa = PBXBuildStyle;
			name = Deployment;
		};
//010
//011
//012
//013
//014
//020
//021
//022
//023
//024
		0249A662FF388D9811CA2CEA = {
			children = (
				4B170FAF0928F05100FD62F8,
				D3C5192308B9CD8D00C1962D,
				D3C5192408B9CD8D00C1962D,
				0249A663FF388D9811CA2CEA,
				F666DED703EC03FB01D11C03,
			);
			isa = PBXGroup;
			name = "External Frameworks and Libraries";
			refType = 4;
			sourceTree = "<group>";
		};
		0249A663FF388D9811CA2CEA = {
			isa = PBXFileReference;
			lastKnownFileType = archive.ar;
			name = "libstdc++.a";
			path = "/usr/lib/libstdc++.a";
			refType = 0;
			sourceTree = "<absolute>";
		};
//020
//021
//022
//023
//024
//080
//081
//082
//083
//084
		08FB7793FE84155DC02AAC07 = {
			buildSettings = {
			};
			buildStyles = (
				014CEA460018CE2711CA2923,
				014CEA470018CE2711CA2923,
			);
			hasScannedForEncodings = 1;
			isa = PBXProject;
			mainGroup = 08FB7794FE84155DC02AAC07;
			projectDirPath = "";
			targets = (
				4BF6C3280AE3B7100063DA73,
				4BEA6192095806CD001F733A,
				4BEA61E7095806CD001F733A,
				4BEA623D095806CD001F733A,
			);
		};
		08FB7794FE84155DC02AAC07 = {
			children = (
				4B7BD8DC097D0EF30029D6DC,
				4B7BD8D8097D0ED00029D6DC,
				F5F4A853032657D901053105,
				4BA0DEDE087FE455003B1CB3,
				F5EDBD21032F870801053105,
				F5D82C3D032DEAA101053105,
				F5C1FF5F0328B7D201053105,
				F5C1FF5D0328B7A301053105,
				F5EDBD20032F86EF01053105,
				F5C1FF5C0328B78201053105,
				F5C1FF600328B7FA01053105,
				F5C1FF5B0328B76601053105,
				4BA6AC5A044AF64500053105,
				F5C1FF5A0328B73A01053105,
				0249A662FF388D9811CA2CEA,
				1AB674ADFE9D54B511CA2CBB,
				4B8E185609FCD83000D586F5,
				4B8E185809FCD83A00D586F5,
			);
			isa = PBXGroup;
			name = AudioEngine.prprj;
			refType = 4;
			sourceTree = "<group>";
		};
//080
//081
//082
//083
//084
//1A0
//1A1
//1A2
//1A3
//1A4
		1AB674ADFE9D54B511CA2CBB = {
			children = (
				4BEA61E6095806CD001F733A,
				4BEA623C095806CD001F733A,
				4BEA6244095806CD001F733A,
				4BF6C37E0AE3B7100063DA73,
			);
			isa = PBXGroup;
			name = Products;
			refType = 4;
			sourceTree = "<group>";
		};
//1A0
//1A1
//1A2
//1A3
//1A4
//4B0
//4B1
//4B2
//4B3
//4B4
		4B0391DF0585040A006C929E = {
			fileEncoding = 30;
			isa = PBXFileReference;
			lastKnownFileType = sourcecode.c.h;
			name = TAudioRenderer.h;
			path = ../src/TAudioRenderer.h;
			refType = 2;
			sourceTree = SOURCE_ROOT;
		};
		4B0391E00585040A006C929E = {
			fileEncoding = 30;
			isa = PBXFileReference;
			lastKnownFileType = sourcecode.cpp.cpp;
			name = TAudioRendererFactory.cpp;
			path = ../src/TAudioRendererFactory.cpp;
			refType = 2;
			sourceTree = SOURCE_ROOT;
		};
		4B0391E10585040A006C929E = {
			fileEncoding = 30;
			isa = PBXFileReference;
			lastKnownFileType = sourcecode.c.h;
			name = TAudioRendererFactory.h;
			path = ../src/TAudioRendererFactory.h;
			refType = 2;
			sourceTree = SOURCE_ROOT;
		};
		4B0391F20585042A006C929E = {
			fileEncoding = 30;
			isa = PBXFileReference;
			lastKnownFileType = sourcecode.cpp.cpp;
			name = TJackAudioRenderer.cpp;
			path = ../src/TJackAudioRenderer.cpp;
			refType = 2;
			sourceTree = SOURCE_ROOT;
		};
		4B0391F30585042A006C929E = {
			fileEncoding = 30;
			isa = PBXFileReference;
			lastKnownFileType = sourcecode.c.h;
			name = TJackAudioRenderer.h;
			path = ../src/TJackAudioRenderer.h;
			refType = 2;
			sourceTree = SOURCE_ROOT;
		};
		4B170FAF0928F05100FD62F8 = {
			isa = PBXFileReference;
			lastKnownFileType = wrapper.framework;
			name = LibAudioStream.framework;
			path = build/LibAudioStream.framework;
			refType = 2;
			sourceTree = SOURCE_ROOT;
		};
		4B1C2D4D0894D242003BC2A6 = {
			fileEncoding = 30;
			isa = PBXFileReference;
			lastKnownFileType = sourcecode.c.h;
			name = "LibAudioStream++.h";
			path = "../src/LibAudioStream++.h";
			refType = 2;
			sourceTree = SOURCE_ROOT;
		};
		4B51474207F18D680059C4C8 = {
			children = (
				4BC6136207F4990300ACC53C,
				4BC6136407F4990B00ACC53C,
				4BCC1A8007F1AA7E003E6784,
				4B51474A07F18D980059C4C8,
				4B51474D07F18D9F0059C4C8,
			);
			isa = PBXGroup;
			name = Atomic;
			refType = 4;
			sourceTree = "<group>";
		};
		4B51474A07F18D980059C4C8 = {
			fileEncoding = 30;
			isa = PBXFileReference;
			lastKnownFileType = sourcecode.c.h;
			name = lffifo.h;
			path = ../src/atomic/lffifo.h;
			refType = 2;
			sourceTree = SOURCE_ROOT;
		};
		4B51474D07F18D9F0059C4C8 = {
			fileEncoding = 30;
			isa = PBXFileReference;
			lastKnownFileType = sourcecode.c.h;
			name = msAtomic.h;
			path = ../src/atomic/msAtomic.h;
			refType = 2;
			sourceTree = SOURCE_ROOT;
		};
		4B6B22F6071FB980005E6873 = {
			fileEncoding = 30;
			isa = PBXFileReference;
			lastKnownFileType = sourcecode.cpp.cpp;
			name = TRendererAudioStream.cpp;
			path = ../src/TRendererAudioStream.cpp;
			refType = 2;
			sourceTree = SOURCE_ROOT;
		};
		4B6B22FD071FB9D1005E6873 = {
			fileEncoding = 30;
			isa = PBXFileReference;
			lastKnownFileType = sourcecode.cpp.cpp;
			name = TAudioEngine.cpp;
			path = ../src/TAudioEngine.cpp;
			refType = 2;
			sourceTree = SOURCE_ROOT;
		};
		4B6BBBBB0998A952000CEAAB = {
			fileEncoding = 30;
			isa = PBXFileReference;
			lastKnownFileType = sourcecode.cpp.cpp;
			path = TCoreAudioRenderer.cpp;
			refType = 2;
			sourceTree = SOURCE_ROOT;
		};
		4B6BBBBC0998A952000CEAAB = {
			fileEncoding = 30;
			isa = PBXFileReference;
			lastKnownFileType = sourcecode.c.h;
			path = TCoreAudioRenderer.h;
			refType = 2;
			sourceTree = SOURCE_ROOT;
		};
		4B6BBBBD0998A952000CEAAB = {
			fileRef = 4B6BBBBB0998A952000CEAAB;
			isa = PBXBuildFile;
			settings = {
			};
		};
		4B6BBBBE0998A952000CEAAB = {
			fileRef = 4B6BBBBC0998A952000CEAAB;
			isa = PBXBuildFile;
			settings = {
			};
		};
		4B7AFA7E085CB187002CD798 = {
			fileEncoding = 30;
			isa = PBXFileReference;
			lastKnownFileType = sourcecode.c.h;
			name = TAudioEffectInterface.h;
			path = ../src/TAudioEffectInterface.h;
			refType = 2;
			sourceTree = SOURCE_ROOT;
		};
		4B7AFA81085CB19E002CD798 = {
			fileEncoding = 30;
			isa = PBXFileReference;
			lastKnownFileType = sourcecode.c.h;
			name = TVolAudioEffect.h;
			path = ../src/TVolAudioEffect.h;
			refType = 2;
			sourceTree = SOURCE_ROOT;
		};
		4B7AFA84085CB1AD002CD798 = {
			fileEncoding = 30;
			isa = PBXFileReference;
			lastKnownFileType = sourcecode.c.h;
			name = TFaustAudioEffect.h;
			path = ../src/TFaustAudioEffect.h;
			refType = 2;
			sourceTree = SOURCE_ROOT;
		};
		4B7BD8D8097D0ED00029D6DC = {
			isa = PBXFileReference;
			lastKnownFileType = wrapper.framework;
			name = AudioUnit.framework;
			path = /System/Library/Frameworks/AudioUnit.framework;
			refType = 0;
			sourceTree = "<absolute>";
		};
		4B7BD8D9097D0ED00029D6DC = {
			fileRef = 4B7BD8D8097D0ED00029D6DC;
			isa = PBXBuildFile;
			settings = {
			};
		};
		4B7BD8DC097D0EF30029D6DC = {
			isa = PBXFileReference;
			lastKnownFileType = wrapper.framework;
			name = CoreAudio.framework;
			path = /System/Library/Frameworks/CoreAudio.framework;
			refType = 0;
			sourceTree = "<absolute>";
		};
		4B7BD8DD097D0EF30029D6DC = {
			fileRef = 4B7BD8DC097D0EF30029D6DC;
			isa = PBXBuildFile;
			settings = {
			};
		};
		4B83CA1907FBE5AE00256489 = {
			fileEncoding = 30;
			isa = PBXFileReference;
			lastKnownFileType = sourcecode.cpp.cpp;
			name = LibAudioStream.cpp;
			path = ../src/LibAudioStream.cpp;
			refType = 2;
			sourceTree = SOURCE_ROOT;
		};
		4B83CA1A07FBE5AE00256489 = {
			fileEncoding = 30;
			isa = PBXFileReference;
			lastKnownFileType = sourcecode.c.h;
			name = LibAudioStream.h;
			path = ../src/LibAudioStream.h;
			refType = 2;
			sourceTree = SOURCE_ROOT;
		};
		4B8E185609FCD83000D586F5 = {
			fileEncoding = 30;
			isa = PBXFileReference;
			lastKnownFileType = text.xml;
			path = "Info-LibAudioStreamPA.plist";
			refType = 2;
			sourceTree = SOURCE_ROOT;
		};
		4B8E185709FCD83000D586F5 = {
			fileRef = 4B8E185609FCD83000D586F5;
			isa = PBXBuildFile;
			settings = {
			};
		};
		4B8E185809FCD83A00D586F5 = {
			fileEncoding = 30;
			isa = PBXFileReference;
			lastKnownFileType = text.xml;
			path = "Info-LibAudioStreamPA_CA_Jack.plist";
			refType = 2;
			sourceTree = SOURCE_ROOT;
		};
		4B8E185909FCD83A00D586F5 = {
			fileRef = 4B8E185809FCD83A00D586F5;
			isa = PBXBuildFile;
			settings = {
			};
		};
		4B94C8BA0AC9563800775F58 = {
			fileEncoding = 30;
			isa = PBXFileReference;
			lastKnownFileType = sourcecode.c.h;
			name = la_smartpointer.h;
			path = ../src/la_smartpointer.h;
			refType = 2;
			sourceTree = SOURCE_ROOT;
		};
		4B94C8BB0AC9563800775F58 = {
			fileEncoding = 30;
			isa = PBXFileReference;
			lastKnownFileType = sourcecode.cpp.cpp;
			name = la_smartpointer.cpp;
			path = ../src/la_smartpointer.cpp;
			refType = 2;
			sourceTree = SOURCE_ROOT;
		};
		4B94C8BC0AC9563800775F58 = {
			fileRef = 4B94C8BA0AC9563800775F58;
			isa = PBXBuildFile;
			settings = {
			};
		};
		4B94C8BD0AC9563800775F58 = {
			fileRef = 4B94C8BB0AC9563800775F58;
			isa = PBXBuildFile;
			settings = {
			};
		};
		4B94C8BE0AC9563800775F58 = {
			fileRef = 4B94C8BA0AC9563800775F58;
			isa = PBXBuildFile;
			settings = {
			};
		};
		4B94C8BF0AC9563800775F58 = {
			fileRef = 4B94C8BB0AC9563800775F58;
			isa = PBXBuildFile;
			settings = {
			};
		};
		4BA0DEDE087FE455003B1CB3 = {
			fileEncoding = 30;
			isa = PBXFileReference;
			lastKnownFileType = sourcecode.cpp.cpp;
			name = main.cpp;
			path = ../src/main.cpp;
			refType = 2;
			sourceTree = SOURCE_ROOT;
		};
		4BA3E1780459506A00053105 = {
			fileEncoding = 30;
			isa = PBXFileReference;
			lastKnownFileType = sourcecode.c.h;
			name = TRendererAudioStream.h;
			path = ../src/TRendererAudioStream.h;
			refType = 2;
			sourceTree = SOURCE_ROOT;
		};
		4BA6AC5A044AF64500053105 = {
			children = (
				4BF6C3BE0AE3C0510063DA73,
				4BF6C3BF0AE3C0510063DA73,
				4BF6C2830AE3A8E10063DA73,
				4BF6C2840AE3A8E10063DA73,
				4B6BBBBB0998A952000CEAAB,
				4B6BBBBC0998A952000CEAAB,
				4B0391DF0585040A006C929E,
				4BB27531056B7DF100053105,
				4BB2752F056B798A00053105,
				4B0391E00585040A006C929E,
				4B0391E10585040A006C929E,
				4B0391F20585042A006C929E,
				4B0391F30585042A006C929E,
			);
			isa = PBXGroup;
			name = Renderer;
			refType = 4;
			sourceTree = "<group>";
		};
		4BAC748E08CD8D6E00F6E555 = {
			fileEncoding = 30;
			isa = PBXFileReference;
			lastKnownFileType = sourcecode.c.h;
			name = TChannelizerAudioStream.h;
			path = ../src/TChannelizerAudioStream.h;
			refType = 2;
			sourceTree = SOURCE_ROOT;
		};
		4BB2752F056B798A00053105 = {
			fileEncoding = 30;
			isa = PBXFileReference;
			lastKnownFileType = sourcecode.c.h;
			name = TAudioClient.h;
			path = ../../VEMUS/ScoreProcessingSVN/ScoreProcessing/dev/include/audiostream/TAudioClient.h;
			refType = 2;
			sourceTree = SOURCE_ROOT;
		};
		4BB27531056B7DF100053105 = {
			fileEncoding = 30;
			isa = PBXFileReference;
			lastKnownFileType = sourcecode.cpp.cpp;
			name = TAudioRenderer.cpp;
			path = ../src/TAudioRenderer.cpp;
			refType = 2;
			sourceTree = SOURCE_ROOT;
		};
		4BC6136207F4990300ACC53C = {
			fileEncoding = 30;
			isa = PBXFileReference;
			lastKnownFileType = sourcecode.c.c;
			name = lffifo.c;
			path = ../src/atomic/lffifo.c;
			refType = 2;
			sourceTree = SOURCE_ROOT;
		};
		4BC6136407F4990B00ACC53C = {
			fileEncoding = 30;
			isa = PBXFileReference;
			lastKnownFileType = sourcecode.c.c;
			name = lflifo.c;
			path = ../src/atomic/lflifo.c;
			refType = 2;
			sourceTree = SOURCE_ROOT;
		};
		4BC6136907F499E200ACC53C = {
			fileEncoding = 30;
			isa = PBXFileReference;
			lastKnownFileType = sourcecode.c.h;
			name = TAudioStreamFactory.h;
			path = ../src/TAudioStreamFactory.h;
			refType = 2;
			sourceTree = SOURCE_ROOT;
		};
		4BCC1A8007F1AA7E003E6784 = {
			fileEncoding = 30;
			isa = PBXFileReference;
			lastKnownFileType = sourcecode.c.h;
			name = lflifo.h;
			path = ../src/atomic/lflifo.h;
			refType = 2;
			sourceTree = SOURCE_ROOT;
		};
		4BEA6192095806CD001F733A = {
			buildPhases = (
				4BEA6193095806CD001F733A,
				4BEA61C3095806CD001F733A,
				4BEA61C4095806CD001F733A,
				4BEA61E0095806CD001F733A,
				4BEA61E3095806CD001F733A,
			);
			buildRules = (
				4BEA61E5095806CD001F733A,
			);
			buildSettings = {
				DYLIB_COMPATIBILITY_VERSION = 1;
				DYLIB_CURRENT_VERSION = 1;
				EXPORTED_SYMBOLS_FILE = "";
				FRAMEWORK_VERSION = A;
				GCC_OPTIMIZATION_LEVEL = 3;
				GCC_PREPROCESSOR_DEFINITIONS = "__PORTAUDIO__ __PORTAUDIOV19__";
				HEADER_SEARCH_PATHS = "";
				INFOPLIST_FILE = "Info-LibAudioStreamPA.plist";
				LIBRARY_SEARCH_PATHS = "";
				OTHER_CFLAGS = "";
				OTHER_LDFLAGS = "-flat_namespace libportaudioV19.a libsndfile.a";
				OTHER_LIBTOOL_FLAGS = "";
				OTHER_REZFLAGS = "";
				PREBINDING = NO;
				PRINCIPAL_CLASS = "";
				PRODUCT_NAME = LibAudioStream;
				SECTORDER_FLAGS = "";
				WARNING_CFLAGS = "-Wmost -Wno-four-char-constants -Wno-unknown-pragmas";
				WRAPPER_EXTENSION = framework;
			};
			dependencies = (
			);
			isa = PBXNativeTarget;
			name = "LibAudioStream PortAudioV19";
			productInstallPath = "$(LOCAL_LIBRARY_DIR)/Frameworks";
			productName = AudioEngineFramework;
			productReference = 4BEA61E6095806CD001F733A;
			productType = "com.apple.product-type.framework";
		};
		4BEA6193095806CD001F733A = {
			buildActionMask = 2147483647;
			files = (
				4BEA6194095806CD001F733A,
				4BEA6195095806CD001F733A,
				4BEA6196095806CD001F733A,
				4BEA6197095806CD001F733A,
				4BEA6198095806CD001F733A,
				4BEA6199095806CD001F733A,
				4BEA619A095806CD001F733A,
				4BEA619B095806CD001F733A,
				4BEA619C095806CD001F733A,
				4BEA619D095806CD001F733A,
				4BEA619E095806CD001F733A,
				4BEA619F095806CD001F733A,
				4BEA61A0095806CD001F733A,
				4BEA61A1095806CD001F733A,
				4BEA61A2095806CD001F733A,
				4BEA61A3095806CD001F733A,
				4BEA61A4095806CD001F733A,
				4BEA61A5095806CD001F733A,
				4BEA61A6095806CD001F733A,
				4BEA61A7095806CD001F733A,
				4BEA61A8095806CD001F733A,
				4BEA61A9095806CD001F733A,
				4BEA61AA095806CD001F733A,
				4BEA61AB095806CD001F733A,
				4BEA61AC095806CD001F733A,
				4BEA61AD095806CD001F733A,
				4BEA61AE095806CD001F733A,
				4BEA61AF095806CD001F733A,
				4BEA61B0095806CD001F733A,
				4BEA61B2095806CD001F733A,
				4BEA61B3095806CD001F733A,
				4BEA61B4095806CD001F733A,
				4BEA61B5095806CD001F733A,
				4BEA61B6095806CD001F733A,
				4BEA61B7095806CD001F733A,
				4BEA61B8095806CD001F733A,
				4BEA61B9095806CD001F733A,
				4BEA61BA095806CD001F733A,
				4BEA61BB095806CD001F733A,
				4BEA61BD095806CD001F733A,
				4BEA61BE095806CD001F733A,
				4BEA61BF095806CD001F733A,
				4BEA61C0095806CD001F733A,
				4BEA61C1095806CD001F733A,
				4BEA61C2095806CD001F733A,
				4B94C8BE0AC9563800775F58,
				4BF6C2880AE3A8E10063DA73,
			);
			isa = PBXHeadersBuildPhase;
			runOnlyForDeploymentPostprocessing = 0;
		};
		4BEA6194095806CD001F733A = {
			fileRef = F5C1D58E0330C7F001053105;
			isa = PBXBuildFile;
			settings = {
			};
		};
		4BEA6195095806CD001F733A = {
			fileRef = F5C1D5930330CAEF01053105;
			isa = PBXBuildFile;
			settings = {
			};
		};
		4BEA6196095806CD001F733A = {
			fileRef = F5D82C3E032DEAB501053105;
			isa = PBXBuildFile;
			settings = {
			};
		};
		4BEA6197095806CD001F733A = {
			fileRef = F5C1D5970330CB0801053105;
			isa = PBXBuildFile;
			settings = {
			};
		};
		4BEA6198095806CD001F733A = {
			fileRef = F5C1D59C0330CB1E01053105;
			isa = PBXBuildFile;
			settings = {
			};
		};
		4BEA6199095806CD001F733A = {
			fileRef = F5C1D5A00330CB2F01053105;
			isa = PBXBuildFile;
			settings = {
			};
		};
		4BEA619A095806CD001F733A = {
			fileRef = F5E2072A032E1EA501053105;
			isa = PBXBuildFile;
			settings = {
			};
		};
		4BEA619B095806CD001F733A = {
			fileRef = F5C1D5D60330CC8501053105;
			isa = PBXBuildFile;
			settings = {
			};
		};
		4BEA619C095806CD001F733A = {
			fileRef = F5C1D5BD0330CC5A01053105;
			isa = PBXBuildFile;
			settings = {
			};
		};
		4BEA619D095806CD001F733A = {
			fileRef = F68E6D0D0334858B01DE1461;
			isa = PBXBuildFile;
			settings = {
			};
		};
		4BEA619E095806CD001F733A = {
			fileRef = F5C1D5EA0330CCD601053105;
			isa = PBXBuildFile;
			settings = {
			};
		};
		4BEA619F095806CD001F733A = {
			fileRef = F5C1D5F90330CCFF01053105;
			isa = PBXBuildFile;
			settings = {
			};
		};
		4BEA61A0095806CD001F733A = {
			fileRef = F5C1D5FC0330CD3801053105;
			isa = PBXBuildFile;
			settings = {
			};
		};
		4BEA61A1095806CD001F733A = {
			fileRef = F5C1FF850328C9C301053105;
			isa = PBXBuildFile;
			settings = {
			};
		};
		4BEA61A2095806CD001F733A = {
			fileRef = F5D82C41032DEB9D01053105;
			isa = PBXBuildFile;
			settings = {
			};
		};
		4BEA61A3095806CD001F733A = {
			fileRef = F5C1D5FE0330CD3801053105;
			isa = PBXBuildFile;
			settings = {
			};
		};
		4BEA61A4095806CD001F733A = {
			fileRef = F5C1D6000330CD3801053105;
			isa = PBXBuildFile;
			settings = {
			};
		};
		4BEA61A5095806CD001F733A = {
			fileRef = F5C1D6110330CD5501053105;
			isa = PBXBuildFile;
			settings = {
			};
		};
		4BEA61A6095806CD001F733A = {
			fileRef = F5C1D6130330CD5501053105;
			isa = PBXBuildFile;
			settings = {
			};
		};
		4BEA61A7095806CD001F733A = {
			fileRef = F5C1D61E0330CD7501053105;
			isa = PBXBuildFile;
			settings = {
			};
		};
		4BEA61A8095806CD001F733A = {
			fileRef = F5C1D6220330CD8701053105;
			isa = PBXBuildFile;
			settings = {
			};
		};
		4BEA61A9095806CD001F733A = {
			fileRef = F5C5B1FF033220AA01053105;
			isa = PBXBuildFile;
			settings = {
			};
		};
		4BEA61AA095806CD001F733A = {
			fileRef = F5C5B205033220C001053105;
			isa = PBXBuildFile;
			settings = {
			};
		};
		4BEA61AB095806CD001F733A = {
			fileRef = F5C5B21303322F5801053105;
			isa = PBXBuildFile;
			settings = {
			};
		};
		4BEA61AC095806CD001F733A = {
			fileRef = F665FF400332A4BE01913B4D;
			isa = PBXBuildFile;
			settings = {
			};
		};
		4BEA61AD095806CD001F733A = {
			fileRef = 4BA3E1780459506A00053105;
			isa = PBXBuildFile;
			settings = {
			};
		};
		4BEA61AE095806CD001F733A = {
			fileRef = 4BB2752F056B798A00053105;
			isa = PBXBuildFile;
			settings = {
			};
		};
		4BEA61AF095806CD001F733A = {
			fileRef = 4B0391DF0585040A006C929E;
			isa = PBXBuildFile;
			settings = {
			};
		};
		4BEA61B0095806CD001F733A = {
			fileRef = 4B0391E10585040A006C929E;
			isa = PBXBuildFile;
			settings = {
			};
		};
		4BEA61B2095806CD001F733A = {
			fileRef = F5C1D5E80330CCD601053105;
			isa = PBXBuildFile;
			settings = {
			};
		};
		4BEA61B3095806CD001F733A = {
			fileRef = 4B51474A07F18D980059C4C8;
			isa = PBXBuildFile;
			settings = {
			};
		};
		4BEA61B4095806CD001F733A = {
			fileRef = 4B51474D07F18D9F0059C4C8;
			isa = PBXBuildFile;
			settings = {
			};
		};
		4BEA61B5095806CD001F733A = {
			fileRef = 4BCC1A8007F1AA7E003E6784;
			isa = PBXBuildFile;
			settings = {
			};
		};
		4BEA61B6095806CD001F733A = {
			fileRef = 4BC6136907F499E200ACC53C;
			isa = PBXBuildFile;
			settings = {
			};
		};
		4BEA61B7095806CD001F733A = {
			fileRef = F68E6D0F0334858B01DE1461;
			isa = PBXBuildFile;
			settings = {
			};
		};
		4BEA61B8095806CD001F733A = {
			fileRef = 4B83CA1A07FBE5AE00256489;
			isa = PBXBuildFile;
			settings = {
				ATTRIBUTES = (
					Public,
				);
			};
		};
		4BEA61B9095806CD001F733A = {
			fileRef = 4B7AFA7E085CB187002CD798;
			isa = PBXBuildFile;
			settings = {
			};
		};
		4BEA61BA095806CD001F733A = {
			fileRef = 4B7AFA81085CB19E002CD798;
			isa = PBXBuildFile;
			settings = {
			};
		};
		4BEA61BB095806CD001F733A = {
			fileRef = 4B7AFA84085CB1AD002CD798;
			isa = PBXBuildFile;
			settings = {
			};
		};
		4BEA61BD095806CD001F733A = {
			fileRef = 4BFC6E7E08729C6F0012D079;
			isa = PBXBuildFile;
			settings = {
			};
		};
		4BEA61BE095806CD001F733A = {
			fileRef = 4BFC6E8108729C830012D079;
			isa = PBXBuildFile;
			settings = {
			};
		};
		4BEA61BF095806CD001F733A = {
			fileRef = 4BFC6E8408729C970012D079;
			isa = PBXBuildFile;
			settings = {
			};
		};
		4BEA61C0095806CD001F733A = {
			fileRef = 4BF92831088E3B16006A013D;
			isa = PBXBuildFile;
			settings = {
			};
		};
		4BEA61C1095806CD001F733A = {
			fileRef = 4B1C2D4D0894D242003BC2A6;
			isa = PBXBuildFile;
			settings = {
				ATTRIBUTES = (
					Public,
				);
			};
		};
		4BEA61C2095806CD001F733A = {
			fileRef = 4BAC748E08CD8D6E00F6E555;
			isa = PBXBuildFile;
			settings = {
			};
		};
		4BEA61C3095806CD001F733A = {
			buildActionMask = 2147483647;
			files = (
				4B8E185709FCD83000D586F5,
			);
			isa = PBXResourcesBuildPhase;
			runOnlyForDeploymentPostprocessing = 0;
		};
		4BEA61C4095806CD001F733A = {
			buildActionMask = 2147483647;
			files = (
				4BEA61C5095806CD001F733A,
				4BEA61C6095806CD001F733A,
				4BEA61C7095806CD001F733A,
				4BEA61C8095806CD001F733A,
				4BEA61C9095806CD001F733A,
				4BEA61CA095806CD001F733A,
				4BEA61CB095806CD001F733A,
				4BEA61CC095806CD001F733A,
				4BEA61CD095806CD001F733A,
				4BEA61CE095806CD001F733A,
				4BEA61CF095806CD001F733A,
				4BEA61D0095806CD001F733A,
				4BEA61D1095806CD001F733A,
				4BEA61D2095806CD001F733A,
				4BEA61D3095806CD001F733A,
				4BEA61D4095806CD001F733A,
				4BEA61D5095806CD001F733A,
				4BEA61D6095806CD001F733A,
				4BEA61D7095806CD001F733A,
				4BEA61D8095806CD001F733A,
				4BEA61DA095806CD001F733A,
				4BEA61DB095806CD001F733A,
				4BEA61DC095806CD001F733A,
				4BEA61DD095806CD001F733A,
				4BEA61DE095806CD001F733A,
				4B94C8BF0AC9563800775F58,
				4BF6C2870AE3A8E10063DA73,
			);
			isa = PBXSourcesBuildPhase;
			runOnlyForDeploymentPostprocessing = 0;
		};
		4BEA61C5095806CD001F733A = {
			fileRef = F5C1D58D0330C7F001053105;
			isa = PBXBuildFile;
			settings = {
			};
		};
		4BEA61C6095806CD001F733A = {
			fileRef = F5D82C47032DF3CC01053105;
			isa = PBXBuildFile;
			settings = {
			};
		};
		4BEA61C7095806CD001F733A = {
			fileRef = F5C1D5960330CB0801053105;
			isa = PBXBuildFile;
			settings = {
			};
		};
		4BEA61C8095806CD001F733A = {
			fileRef = F5C1D59F0330CB2F01053105;
			isa = PBXBuildFile;
			settings = {
			};
		};
		4BEA61C9095806CD001F733A = {
			fileRef = F5C1D5A80330CB4101053105;
			isa = PBXBuildFile;
			settings = {
			};
		};
		4BEA61CA095806CD001F733A = {
			fileRef = F5C1D5D50330CC8501053105;
			isa = PBXBuildFile;
			settings = {
			};
		};
		4BEA61CB095806CD001F733A = {
			fileRef = F6FC02B9033249ED010531C2;
			isa = PBXBuildFile;
			settings = {
			};
		};
		4BEA61CC095806CD001F733A = {
			fileRef = F5C1D5E90330CCD601053105;
			isa = PBXBuildFile;
			settings = {
			};
		};
		4BEA61CD095806CD001F733A = {
			fileRef = F5C1FF840328C9C301053105;
			isa = PBXBuildFile;
			settings = {
			};
		};
		4BEA61CE095806CD001F733A = {
			fileRef = F5D82C44032DF22401053105;
			isa = PBXBuildFile;
			settings = {
			};
		};
		4BEA61CF095806CD001F733A = {
			fileRef = F5C1D5FD0330CD3801053105;
			isa = PBXBuildFile;
			settings = {
			};
		};
		4BEA61D0095806CD001F733A = {
			fileRef = F5C1D5FF0330CD3801053105;
			isa = PBXBuildFile;
			settings = {
			};
		};
		4BEA61D1095806CD001F733A = {
			fileRef = F5C1D6100330CD5501053105;
			isa = PBXBuildFile;
			settings = {
			};
		};
		4BEA61D2095806CD001F733A = {
			fileRef = F5C1D6120330CD5501053105;
			isa = PBXBuildFile;
			settings = {
			};
		};
		4BEA61D3095806CD001F733A = {
			fileRef = F5C1D6210330CD8701053105;
			isa = PBXBuildFile;
			settings = {
			};
		};
		4BEA61D4095806CD001F733A = {
			fileRef = F5C5B1FE033220AA01053105;
			isa = PBXBuildFile;
			settings = {
			};
		};
		4BEA61D5095806CD001F733A = {
			fileRef = F5C5B204033220C001053105;
			isa = PBXBuildFile;
			settings = {
			};
		};
		4BEA61D6095806CD001F733A = {
			fileRef = F5C5B21203322F5801053105;
			isa = PBXBuildFile;
			settings = {
			};
		};
		4BEA61D7095806CD001F733A = {
			fileRef = 4BB27531056B7DF100053105;
			isa = PBXBuildFile;
			settings = {
			};
		};
		4BEA61D8095806CD001F733A = {
			fileRef = 4B0391E00585040A006C929E;
			isa = PBXBuildFile;
			settings = {
			};
		};
		4BEA61DA095806CD001F733A = {
			fileRef = 4B6B22F6071FB980005E6873;
			isa = PBXBuildFile;
			settings = {
			};
		};
		4BEA61DB095806CD001F733A = {
			fileRef = 4B6B22FD071FB9D1005E6873;
			isa = PBXBuildFile;
			settings = {
			};
		};
		4BEA61DC095806CD001F733A = {
			fileRef = 4BC6136207F4990300ACC53C;
			isa = PBXBuildFile;
			settings = {
			};
		};
		4BEA61DD095806CD001F733A = {
			fileRef = 4BC6136407F4990B00ACC53C;
			isa = PBXBuildFile;
			settings = {
			};
		};
		4BEA61DE095806CD001F733A = {
			fileRef = 4B83CA1907FBE5AE00256489;
			isa = PBXBuildFile;
			settings = {
			};
		};
		4BEA61E0095806CD001F733A = {
			buildActionMask = 2147483647;
			files = (
				4BEA61E1095806CD001F733A,
				4BEA61E2095806CD001F733A,
			);
			isa = PBXFrameworksBuildPhase;
			runOnlyForDeploymentPostprocessing = 0;
		};
		4BEA61E1095806CD001F733A = {
			fileRef = D3C5192308B9CD8D00C1962D;
			isa = PBXBuildFile;
			settings = {
			};
		};
		4BEA61E2095806CD001F733A = {
			fileRef = D3C5192408B9CD8D00C1962D;
			isa = PBXBuildFile;
			settings = {
			};
		};
		4BEA61E3095806CD001F733A = {
			buildActionMask = 2147483647;
			files = (
			);
			isa = PBXRezBuildPhase;
			runOnlyForDeploymentPostprocessing = 0;
		};
		4BEA61E5095806CD001F733A = {
			compilerSpec = com.apple.compilers.gcc;
			fileType = sourcecode.c;
			isEditable = 1;
			isa = PBXBuildRule;
			outputFiles = (
			);
		};
		4BEA61E6095806CD001F733A = {
			explicitFileType = wrapper.framework;
			includeInIndex = 0;
			isa = PBXFileReference;
			path = LibAudioStream.framework;
			refType = 3;
			sourceTree = BUILT_PRODUCTS_DIR;
		};
		4BEA61E7095806CD001F733A = {
			buildPhases = (
				4BEA61E8095806CD001F733A,
				4BEA6219095806CD001F733A,
				4BEA621A095806CD001F733A,
				4BEA6237095806CD001F733A,
				4BEA623A095806CD001F733A,
			);
			buildRules = (
			);
			buildSettings = {
				DYLIB_COMPATIBILITY_VERSION = 1;
				DYLIB_CURRENT_VERSION = 1;
				FRAMEWORK_VERSION = A;
				GCC_OPTIMIZATION_LEVEL = 0;
				GCC_PREPROCESSOR_DEFINITIONS = "__JACK__ __PORTAUDIO__ __COREAUDIO__";
				HEADER_SEARCH_PATHS = "";
				INFOPLIST_FILE = "Info-LibAudioStreamPA_CA_Jack.plist";
				LIBRARY_SEARCH_PATHS = "";
				OTHER_CFLAGS = "";
				OTHER_LDFLAGS = "-flat_namespace libportaudio.a libsndfile.a -ljack";
				OTHER_LIBTOOL_FLAGS = "";
				OTHER_REZFLAGS = "";
				PREBINDING = NO;
				PRINCIPAL_CLASS = "";
				PRODUCT_NAME = LibAudioStream;
				SECTORDER_FLAGS = "";
				WARNING_CFLAGS = "-Wmost -Wno-four-char-constants -Wno-unknown-pragmas";
				WRAPPER_EXTENSION = framework;
			};
			dependencies = (
			);
			isa = PBXNativeTarget;
			name = "LibAudioStream PortAudio+CoreAudio+Jack";
			productInstallPath = "$(LOCAL_LIBRARY_DIR)/Frameworks";
			productName = AudioEngineFramework;
			productReference = 4BEA623C095806CD001F733A;
			productType = "com.apple.product-type.framework";
		};
		4BEA61E8095806CD001F733A = {
			buildActionMask = 2147483647;
			files = (
				4BEA61E9095806CD001F733A,
				4BEA61EA095806CD001F733A,
				4BEA61EB095806CD001F733A,
				4BEA61EC095806CD001F733A,
				4BEA61ED095806CD001F733A,
				4BEA61EE095806CD001F733A,
				4BEA61EF095806CD001F733A,
				4BEA61F0095806CD001F733A,
				4BEA61F1095806CD001F733A,
				4BEA61F2095806CD001F733A,
				4BEA61F3095806CD001F733A,
				4BEA61F4095806CD001F733A,
				4BEA61F5095806CD001F733A,
				4BEA61F6095806CD001F733A,
				4BEA61F7095806CD001F733A,
				4BEA61F8095806CD001F733A,
				4BEA61F9095806CD001F733A,
				4BEA61FA095806CD001F733A,
				4BEA61FB095806CD001F733A,
				4BEA61FC095806CD001F733A,
				4BEA61FD095806CD001F733A,
				4BEA61FE095806CD001F733A,
				4BEA61FF095806CD001F733A,
				4BEA6200095806CD001F733A,
				4BEA6201095806CD001F733A,
				4BEA6202095806CD001F733A,
				4BEA6203095806CD001F733A,
				4BEA6204095806CD001F733A,
				4BEA6206095806CD001F733A,
				4BEA6207095806CD001F733A,
				4BEA6208095806CD001F733A,
				4BEA6209095806CD001F733A,
				4BEA620A095806CD001F733A,
				4BEA620B095806CD001F733A,
				4BEA620C095806CD001F733A,
				4BEA620D095806CD001F733A,
				4BEA620E095806CD001F733A,
				4BEA620F095806CD001F733A,
				4BEA6210095806CD001F733A,
				4BEA6212095806CD001F733A,
				4BEA6213095806CD001F733A,
				4BEA6214095806CD001F733A,
				4BEA6215095806CD001F733A,
				4BEA6216095806CD001F733A,
				4BEA6217095806CD001F733A,
				4BEA6218095806CD001F733A,
				4B6BBBBE0998A952000CEAAB,
				4B94C8BC0AC9563800775F58,
				4BF6C2860AE3A8E10063DA73,
				4BF6C3C10AE3C0510063DA73,
			);
			isa = PBXHeadersBuildPhase;
			runOnlyForDeploymentPostprocessing = 0;
		};
		4BEA61E9095806CD001F733A = {
			fileRef = F5C1D58E0330C7F001053105;
			isa = PBXBuildFile;
			settings = {
			};
		};
		4BEA61EA095806CD001F733A = {
			fileRef = F5C1D5930330CAEF01053105;
			isa = PBXBuildFile;
			settings = {
			};
		};
		4BEA61EB095806CD001F733A = {
			fileRef = F5D82C3E032DEAB501053105;
			isa = PBXBuildFile;
			settings = {
			};
		};
		4BEA61EC095806CD001F733A = {
			fileRef = F5C1D5970330CB0801053105;
			isa = PBXBuildFile;
			settings = {
			};
		};
		4BEA61ED095806CD001F733A = {
			fileRef = F5C1D59C0330CB1E01053105;
			isa = PBXBuildFile;
			settings = {
			};
		};
		4BEA61EE095806CD001F733A = {
			fileRef = F5C1D5A00330CB2F01053105;
			isa = PBXBuildFile;
			settings = {
			};
		};
		4BEA61EF095806CD001F733A = {
			fileRef = F5E2072A032E1EA501053105;
			isa = PBXBuildFile;
			settings = {
			};
		};
		4BEA61F0095806CD001F733A = {
			fileRef = F5C1D5D60330CC8501053105;
			isa = PBXBuildFile;
			settings = {
			};
		};
		4BEA61F1095806CD001F733A = {
			fileRef = F5C1D5BD0330CC5A01053105;
			isa = PBXBuildFile;
			settings = {
			};
		};
		4BEA61F2095806CD001F733A = {
			fileRef = F68E6D0D0334858B01DE1461;
			isa = PBXBuildFile;
			settings = {
			};
		};
		4BEA61F3095806CD001F733A = {
			fileRef = F5C1D5EA0330CCD601053105;
			isa = PBXBuildFile;
			settings = {
			};
		};
		4BEA61F4095806CD001F733A = {
			fileRef = F5C1D5F90330CCFF01053105;
			isa = PBXBuildFile;
			settings = {
			};
		};
		4BEA61F5095806CD001F733A = {
			fileRef = F5C1D5FC0330CD3801053105;
			isa = PBXBuildFile;
			settings = {
			};
		};
		4BEA61F6095806CD001F733A = {
			fileRef = F5C1FF850328C9C301053105;
			isa = PBXBuildFile;
			settings = {
			};
		};
		4BEA61F7095806CD001F733A = {
			fileRef = F5D82C41032DEB9D01053105;
			isa = PBXBuildFile;
			settings = {
			};
		};
		4BEA61F8095806CD001F733A = {
			fileRef = F5C1D5FE0330CD3801053105;
			isa = PBXBuildFile;
			settings = {
			};
		};
		4BEA61F9095806CD001F733A = {
			fileRef = F5C1D6000330CD3801053105;
			isa = PBXBuildFile;
			settings = {
			};
		};
		4BEA61FA095806CD001F733A = {
			fileRef = F5C1D6110330CD5501053105;
			isa = PBXBuildFile;
			settings = {
			};
		};
		4BEA61FB095806CD001F733A = {
			fileRef = F5C1D6130330CD5501053105;
			isa = PBXBuildFile;
			settings = {
			};
		};
		4BEA61FC095806CD001F733A = {
			fileRef = F5C1D61E0330CD7501053105;
			isa = PBXBuildFile;
			settings = {
			};
		};
		4BEA61FD095806CD001F733A = {
			fileRef = F5C5B1FF033220AA01053105;
			isa = PBXBuildFile;
			settings = {
			};
		};
		4BEA61FE095806CD001F733A = {
			fileRef = F5C5B205033220C001053105;
			isa = PBXBuildFile;
			settings = {
			};
		};
		4BEA61FF095806CD001F733A = {
			fileRef = F5C5B21303322F5801053105;
			isa = PBXBuildFile;
			settings = {
			};
		};
		4BEA6200095806CD001F733A = {
			fileRef = F665FF400332A4BE01913B4D;
			isa = PBXBuildFile;
			settings = {
			};
		};
		4BEA6201095806CD001F733A = {
			fileRef = 4BA3E1780459506A00053105;
			isa = PBXBuildFile;
			settings = {
			};
		};
		4BEA6202095806CD001F733A = {
			fileRef = 4BB2752F056B798A00053105;
			isa = PBXBuildFile;
			settings = {
			};
		};
		4BEA6203095806CD001F733A = {
			fileRef = 4B0391DF0585040A006C929E;
			isa = PBXBuildFile;
			settings = {
			};
		};
		4BEA6204095806CD001F733A = {
			fileRef = 4B0391E10585040A006C929E;
			isa = PBXBuildFile;
			settings = {
			};
		};
		4BEA6206095806CD001F733A = {
			fileRef = F5C1D5E80330CCD601053105;
			isa = PBXBuildFile;
			settings = {
			};
		};
		4BEA6207095806CD001F733A = {
			fileRef = 4B51474A07F18D980059C4C8;
			isa = PBXBuildFile;
			settings = {
			};
		};
		4BEA6208095806CD001F733A = {
			fileRef = 4B51474D07F18D9F0059C4C8;
			isa = PBXBuildFile;
			settings = {
			};
		};
		4BEA6209095806CD001F733A = {
			fileRef = 4BCC1A8007F1AA7E003E6784;
			isa = PBXBuildFile;
			settings = {
			};
		};
		4BEA620A095806CD001F733A = {
			fileRef = 4BC6136907F499E200ACC53C;
			isa = PBXBuildFile;
			settings = {
			};
		};
		4BEA620B095806CD001F733A = {
			fileRef = 4B0391F30585042A006C929E;
			isa = PBXBuildFile;
			settings = {
			};
		};
		4BEA620C095806CD001F733A = {
			fileRef = F68E6D0F0334858B01DE1461;
			isa = PBXBuildFile;
			settings = {
			};
		};
		4BEA620D095806CD001F733A = {
			fileRef = 4B83CA1A07FBE5AE00256489;
			isa = PBXBuildFile;
			settings = {
				ATTRIBUTES = (
					Public,
				);
			};
		};
		4BEA620E095806CD001F733A = {
			fileRef = 4B7AFA7E085CB187002CD798;
			isa = PBXBuildFile;
			settings = {
			};
		};
		4BEA620F095806CD001F733A = {
			fileRef = 4B7AFA81085CB19E002CD798;
			isa = PBXBuildFile;
			settings = {
			};
		};
		4BEA6210095806CD001F733A = {
			fileRef = 4B7AFA84085CB1AD002CD798;
			isa = PBXBuildFile;
			settings = {
			};
		};
		4BEA6212095806CD001F733A = {
			fileRef = 4BFC6E7E08729C6F0012D079;
			isa = PBXBuildFile;
			settings = {
			};
		};
		4BEA6213095806CD001F733A = {
			fileRef = 4BFC6E8108729C830012D079;
			isa = PBXBuildFile;
			settings = {
			};
		};
		4BEA6214095806CD001F733A = {
			fileRef = 4BFC6E8408729C970012D079;
			isa = PBXBuildFile;
			settings = {
			};
		};
		4BEA6215095806CD001F733A = {
			fileRef = F5F4A853032657D901053105;
			isa = PBXBuildFile;
			settings = {
			};
		};
		4BEA6216095806CD001F733A = {
			fileRef = 4BF92831088E3B16006A013D;
			isa = PBXBuildFile;
			settings = {
			};
		};
		4BEA6217095806CD001F733A = {
			fileRef = 4B1C2D4D0894D242003BC2A6;
			isa = PBXBuildFile;
			settings = {
				ATTRIBUTES = (
					Public,
				);
			};
		};
		4BEA6218095806CD001F733A = {
			fileRef = 4BAC748E08CD8D6E00F6E555;
			isa = PBXBuildFile;
			settings = {
			};
		};
		4BEA6219095806CD001F733A = {
			buildActionMask = 2147483647;
			files = (
				4B8E185909FCD83A00D586F5,
			);
			isa = PBXResourcesBuildPhase;
			runOnlyForDeploymentPostprocessing = 0;
		};
		4BEA621A095806CD001F733A = {
			buildActionMask = 2147483647;
			files = (
				4BEA621B095806CD001F733A,
				4BEA621C095806CD001F733A,
				4BEA621D095806CD001F733A,
				4BEA621E095806CD001F733A,
				4BEA621F095806CD001F733A,
				4BEA6220095806CD001F733A,
				4BEA6221095806CD001F733A,
				4BEA6222095806CD001F733A,
				4BEA6223095806CD001F733A,
				4BEA6224095806CD001F733A,
				4BEA6225095806CD001F733A,
				4BEA6226095806CD001F733A,
				4BEA6227095806CD001F733A,
				4BEA6228095806CD001F733A,
				4BEA6229095806CD001F733A,
				4BEA622A095806CD001F733A,
				4BEA622B095806CD001F733A,
				4BEA622C095806CD001F733A,
				4BEA622D095806CD001F733A,
				4BEA622E095806CD001F733A,
				4BEA6230095806CD001F733A,
				4BEA6231095806CD001F733A,
				4BEA6232095806CD001F733A,
				4BEA6233095806CD001F733A,
				4BEA6234095806CD001F733A,
				4BEA6235095806CD001F733A,
				4B6BBBBD0998A952000CEAAB,
				4B94C8BD0AC9563800775F58,
				4BF6C2850AE3A8E10063DA73,
				4BF6C3C00AE3C0510063DA73,
			);
			isa = PBXSourcesBuildPhase;
			runOnlyForDeploymentPostprocessing = 0;
		};
		4BEA621B095806CD001F733A = {
			fileRef = F5C1D58D0330C7F001053105;
			isa = PBXBuildFile;
			settings = {
			};
		};
		4BEA621C095806CD001F733A = {
			fileRef = F5D82C47032DF3CC01053105;
			isa = PBXBuildFile;
			settings = {
			};
		};
		4BEA621D095806CD001F733A = {
			fileRef = F5C1D5960330CB0801053105;
			isa = PBXBuildFile;
			settings = {
			};
		};
		4BEA621E095806CD001F733A = {
			fileRef = F5C1D59F0330CB2F01053105;
			isa = PBXBuildFile;
			settings = {
			};
		};
		4BEA621F095806CD001F733A = {
			fileRef = F5C1D5A80330CB4101053105;
			isa = PBXBuildFile;
			settings = {
			};
		};
		4BEA6220095806CD001F733A = {
			fileRef = F5C1D5D50330CC8501053105;
			isa = PBXBuildFile;
			settings = {
			};
		};
		4BEA6221095806CD001F733A = {
			fileRef = F6FC02B9033249ED010531C2;
			isa = PBXBuildFile;
			settings = {
			};
		};
		4BEA6222095806CD001F733A = {
			fileRef = F5C1D5E90330CCD601053105;
			isa = PBXBuildFile;
			settings = {
			};
		};
		4BEA6223095806CD001F733A = {
			fileRef = F5C1FF840328C9C301053105;
			isa = PBXBuildFile;
			settings = {
			};
		};
		4BEA6224095806CD001F733A = {
			fileRef = F5D82C44032DF22401053105;
			isa = PBXBuildFile;
			settings = {
			};
		};
		4BEA6225095806CD001F733A = {
			fileRef = F5C1D5FD0330CD3801053105;
			isa = PBXBuildFile;
			settings = {
			};
		};
		4BEA6226095806CD001F733A = {
			fileRef = F5C1D5FF0330CD3801053105;
			isa = PBXBuildFile;
			settings = {
			};
		};
		4BEA6227095806CD001F733A = {
			fileRef = F5C1D6100330CD5501053105;
			isa = PBXBuildFile;
			settings = {
			};
		};
		4BEA6228095806CD001F733A = {
			fileRef = F5C1D6120330CD5501053105;
			isa = PBXBuildFile;
			settings = {
			};
		};
		4BEA6229095806CD001F733A = {
			fileRef = F5C1D6210330CD8701053105;
			isa = PBXBuildFile;
			settings = {
			};
		};
		4BEA622A095806CD001F733A = {
			fileRef = F5C5B1FE033220AA01053105;
			isa = PBXBuildFile;
			settings = {
			};
		};
		4BEA622B095806CD001F733A = {
			fileRef = F5C5B204033220C001053105;
			isa = PBXBuildFile;
			settings = {
			};
		};
		4BEA622C095806CD001F733A = {
			fileRef = F5C5B21203322F5801053105;
			isa = PBXBuildFile;
			settings = {
			};
		};
		4BEA622D095806CD001F733A = {
			fileRef = 4BB27531056B7DF100053105;
			isa = PBXBuildFile;
			settings = {
			};
		};
		4BEA622E095806CD001F733A = {
			fileRef = 4B0391E00585040A006C929E;
			isa = PBXBuildFile;
			settings = {
			};
		};
		4BEA6230095806CD001F733A = {
			fileRef = 4B6B22F6071FB980005E6873;
			isa = PBXBuildFile;
			settings = {
			};
		};
		4BEA6231095806CD001F733A = {
			fileRef = 4B6B22FD071FB9D1005E6873;
			isa = PBXBuildFile;
			settings = {
			};
		};
		4BEA6232095806CD001F733A = {
			fileRef = 4B0391F20585042A006C929E;
			isa = PBXBuildFile;
			settings = {
			};
		};
		4BEA6233095806CD001F733A = {
			fileRef = 4BC6136207F4990300ACC53C;
			isa = PBXBuildFile;
			settings = {
			};
		};
		4BEA6234095806CD001F733A = {
			fileRef = 4BC6136407F4990B00ACC53C;
			isa = PBXBuildFile;
			settings = {
			};
		};
		4BEA6235095806CD001F733A = {
			fileRef = 4B83CA1907FBE5AE00256489;
			isa = PBXBuildFile;
			settings = {
			};
		};
		4BEA6237095806CD001F733A = {
			buildActionMask = 2147483647;
			files = (
				4BEA6238095806CD001F733A,
				4BEA6239095806CD001F733A,
				4B7BD8D9097D0ED00029D6DC,
				4B7BD8DD097D0EF30029D6DC,
			);
			isa = PBXFrameworksBuildPhase;
			runOnlyForDeploymentPostprocessing = 0;
		};
		4BEA6238095806CD001F733A = {
			fileRef = D3C5192308B9CD8D00C1962D;
			isa = PBXBuildFile;
			settings = {
			};
		};
		4BEA6239095806CD001F733A = {
			fileRef = D3C5192408B9CD8D00C1962D;
			isa = PBXBuildFile;
			settings = {
			};
		};
		4BEA623A095806CD001F733A = {
			buildActionMask = 2147483647;
			files = (
			);
			isa = PBXRezBuildPhase;
			runOnlyForDeploymentPostprocessing = 0;
		};
		4BEA623C095806CD001F733A = {
			explicitFileType = wrapper.framework;
			includeInIndex = 0;
			isa = PBXFileReference;
			path = LibAudioStream.framework;
			refType = 3;
			sourceTree = BUILT_PRODUCTS_DIR;
		};
		4BEA623D095806CD001F733A = {
			buildPhases = (
				4BEA623E095806CD001F733A,
				4BEA623F095806CD001F733A,
				4BEA6241095806CD001F733A,
				4BEA6243095806CD001F733A,
			);
			buildRules = (
			);
			buildSettings = {
				FRAMEWORK_SEARCH_PATHS = /Volumes/Document1/Developpement/ProjectsCVS/libaudiostreamCVS/macosx/build;
				OTHER_CFLAGS = "";
				OTHER_REZFLAGS = "";
				PREBINDING = NO;
				PRODUCT_NAME = testPlayer;
				REZ_EXECUTABLE = YES;
				SECTORDER_FLAGS = "";
				WARNING_CFLAGS = "-Wmost -Wno-four-char-constants -Wno-unknown-pragmas";
			};
			dependencies = (
			);
			isa = PBXNativeTarget;
			name = testPlayer;
			productInstallPath = /usr/local/bin;
			productName = testLibrary;
			productReference = 4BEA6244095806CD001F733A;
			productType = "com.apple.product-type.tool";
		};
		4BEA623E095806CD001F733A = {
			buildActionMask = 2147483647;
			files = (
			);
			isa = PBXHeadersBuildPhase;
			runOnlyForDeploymentPostprocessing = 0;
		};
		4BEA623F095806CD001F733A = {
			buildActionMask = 2147483647;
			files = (
				4BEA6240095806CD001F733A,
			);
			isa = PBXSourcesBuildPhase;
			runOnlyForDeploymentPostprocessing = 0;
		};
		4BEA6240095806CD001F733A = {
			fileRef = 4BA0DEDE087FE455003B1CB3;
			isa = PBXBuildFile;
			settings = {
			};
		};
		4BEA6241095806CD001F733A = {
			buildActionMask = 2147483647;
			files = (
				4BEA6242095806CD001F733A,
			);
			isa = PBXFrameworksBuildPhase;
			runOnlyForDeploymentPostprocessing = 0;
		};
		4BEA6242095806CD001F733A = {
			fileRef = 4B170FAF0928F05100FD62F8;
			isa = PBXBuildFile;
			settings = {
			};
		};
		4BEA6243095806CD001F733A = {
			buildActionMask = 2147483647;
			files = (
			);
			isa = PBXRezBuildPhase;
			runOnlyForDeploymentPostprocessing = 0;
		};
		4BEA6244095806CD001F733A = {
			explicitFileType = "compiled.mach-o.executable";
			includeInIndex = 0;
			isa = PBXFileReference;
			path = testPlayer;
			refType = 3;
			sourceTree = BUILT_PRODUCTS_DIR;
		};
		4BF6C2830AE3A8E10063DA73 = {
			fileEncoding = 30;
			isa = PBXFileReference;
			lastKnownFileType = sourcecode.cpp.cpp;
			name = TPortAudioV19Renderer.cpp;
			path = ../src/TPortAudioV19Renderer.cpp;
			refType = 2;
			sourceTree = SOURCE_ROOT;
		};
		4BF6C2840AE3A8E10063DA73 = {
			fileEncoding = 30;
			isa = PBXFileReference;
			lastKnownFileType = sourcecode.c.h;
			name = TPortAudioV19Renderer.h;
			path = ../src/TPortAudioV19Renderer.h;
			refType = 2;
			sourceTree = SOURCE_ROOT;
		};
		4BF6C2850AE3A8E10063DA73 = {
			fileRef = 4BF6C2830AE3A8E10063DA73;
			isa = PBXBuildFile;
			settings = {
			};
		};
		4BF6C2860AE3A8E10063DA73 = {
			fileRef = 4BF6C2840AE3A8E10063DA73;
			isa = PBXBuildFile;
			settings = {
			};
		};
		4BF6C2870AE3A8E10063DA73 = {
			fileRef = 4BF6C2830AE3A8E10063DA73;
			isa = PBXBuildFile;
			settings = {
			};
		};
		4BF6C2880AE3A8E10063DA73 = {
			fileRef = 4BF6C2840AE3A8E10063DA73;
			isa = PBXBuildFile;
			settings = {
			};
		};
		4BF6C3280AE3B7100063DA73 = {
			buildPhases = (
				4BF6C3290AE3B7100063DA73,
				4BF6C35A0AE3B7100063DA73,
				4BF6C35C0AE3B7100063DA73,
				4BF6C3790AE3B7100063DA73,
				4BF6C37C0AE3B7100063DA73,
			);
			buildRules = (
				4BF6C37D0AE3B7100063DA73,
			);
			buildSettings = {
				DYLIB_COMPATIBILITY_VERSION = 1;
				DYLIB_CURRENT_VERSION = 1;
				EXPORTED_SYMBOLS_FILE = "";
				FRAMEWORK_VERSION = A;
				GCC_OPTIMIZATION_LEVEL = 3;
				GCC_PREPROCESSOR_DEFINITIONS = __PORTAUDIO__;
				HEADER_SEARCH_PATHS = "";
				INFOPLIST_FILE = "/Volumes/Document1/Developpement/ProjectsCVS/LibAudioStreamCVS/macosx/Info-LibAudioStreamPA copy.plist";
				LIBRARY_SEARCH_PATHS = "";
				OTHER_CFLAGS = "";
				OTHER_LDFLAGS = "-flat_namespace libportaudio.a libsndfile.a";
				OTHER_LIBTOOL_FLAGS = "";
				OTHER_REZFLAGS = "";
				PREBINDING = NO;
				PRINCIPAL_CLASS = "";
				PRODUCT_NAME = LibAudioStream;
				SECTORDER_FLAGS = "";
				WARNING_CFLAGS = "-Wmost -Wno-four-char-constants -Wno-unknown-pragmas";
				WRAPPER_EXTENSION = framework;
			};
			dependencies = (
			);
			isa = PBXNativeTarget;
			name = "LibAudioStream PortAudio";
			productInstallPath = "$(LOCAL_LIBRARY_DIR)/Frameworks";
			productName = AudioEngineFramework;
			productReference = 4BF6C37E0AE3B7100063DA73;
			productType = "com.apple.product-type.framework";
		};
		4BF6C3290AE3B7100063DA73 = {
			buildActionMask = 2147483647;
			files = (
				4BF6C32A0AE3B7100063DA73,
				4BF6C32B0AE3B7100063DA73,
				4BF6C32C0AE3B7100063DA73,
				4BF6C32D0AE3B7100063DA73,
				4BF6C32E0AE3B7100063DA73,
				4BF6C32F0AE3B7100063DA73,
				4BF6C3300AE3B7100063DA73,
				4BF6C3310AE3B7100063DA73,
				4BF6C3320AE3B7100063DA73,
				4BF6C3330AE3B7100063DA73,
				4BF6C3340AE3B7100063DA73,
				4BF6C3350AE3B7100063DA73,
				4BF6C3360AE3B7100063DA73,
				4BF6C3370AE3B7100063DA73,
				4BF6C3380AE3B7100063DA73,
				4BF6C3390AE3B7100063DA73,
				4BF6C33A0AE3B7100063DA73,
				4BF6C33B0AE3B7100063DA73,
				4BF6C33C0AE3B7100063DA73,
				4BF6C33D0AE3B7100063DA73,
				4BF6C33E0AE3B7100063DA73,
				4BF6C33F0AE3B7100063DA73,
				4BF6C3400AE3B7100063DA73,
				4BF6C3410AE3B7100063DA73,
				4BF6C3420AE3B7100063DA73,
				4BF6C3430AE3B7100063DA73,
				4BF6C3440AE3B7100063DA73,
				4BF6C3450AE3B7100063DA73,
				4BF6C3460AE3B7100063DA73,
				4BF6C3480AE3B7100063DA73,
				4BF6C3490AE3B7100063DA73,
				4BF6C34A0AE3B7100063DA73,
				4BF6C34B0AE3B7100063DA73,
				4BF6C34C0AE3B7100063DA73,
				4BF6C34D0AE3B7100063DA73,
				4BF6C34E0AE3B7100063DA73,
				4BF6C34F0AE3B7100063DA73,
				4BF6C3500AE3B7100063DA73,
				4BF6C3510AE3B7100063DA73,
				4BF6C3520AE3B7100063DA73,
				4BF6C3530AE3B7100063DA73,
				4BF6C3540AE3B7100063DA73,
				4BF6C3550AE3B7100063DA73,
				4BF6C3560AE3B7100063DA73,
				4BF6C3570AE3B7100063DA73,
				4BF6C3580AE3B7100063DA73,
				4BF6C3C30AE3C0510063DA73,
			);
			isa = PBXHeadersBuildPhase;
			runOnlyForDeploymentPostprocessing = 0;
		};
		4BF6C32A0AE3B7100063DA73 = {
			fileRef = F5C1D58E0330C7F001053105;
			isa = PBXBuildFile;
			settings = {
			};
		};
		4BF6C32B0AE3B7100063DA73 = {
			fileRef = F5C1D5930330CAEF01053105;
			isa = PBXBuildFile;
			settings = {
			};
		};
		4BF6C32C0AE3B7100063DA73 = {
			fileRef = F5D82C3E032DEAB501053105;
			isa = PBXBuildFile;
			settings = {
			};
		};
		4BF6C32D0AE3B7100063DA73 = {
			fileRef = F5C1D5970330CB0801053105;
			isa = PBXBuildFile;
			settings = {
			};
		};
		4BF6C32E0AE3B7100063DA73 = {
			fileRef = F5C1D59C0330CB1E01053105;
			isa = PBXBuildFile;
			settings = {
			};
		};
		4BF6C32F0AE3B7100063DA73 = {
			fileRef = F5C1D5A00330CB2F01053105;
			isa = PBXBuildFile;
			settings = {
			};
		};
		4BF6C3300AE3B7100063DA73 = {
			fileRef = F5E2072A032E1EA501053105;
			isa = PBXBuildFile;
			settings = {
			};
		};
		4BF6C3310AE3B7100063DA73 = {
			fileRef = F5C1D5D60330CC8501053105;
			isa = PBXBuildFile;
			settings = {
			};
		};
		4BF6C3320AE3B7100063DA73 = {
			fileRef = F5C1D5BD0330CC5A01053105;
			isa = PBXBuildFile;
			settings = {
			};
		};
		4BF6C3330AE3B7100063DA73 = {
			fileRef = F68E6D0D0334858B01DE1461;
			isa = PBXBuildFile;
			settings = {
			};
		};
		4BF6C3340AE3B7100063DA73 = {
			fileRef = F5C1D5EA0330CCD601053105;
			isa = PBXBuildFile;
			settings = {
			};
		};
		4BF6C3350AE3B7100063DA73 = {
			fileRef = F5C1D5F90330CCFF01053105;
			isa = PBXBuildFile;
			settings = {
			};
		};
		4BF6C3360AE3B7100063DA73 = {
			fileRef = F5C1D5FC0330CD3801053105;
			isa = PBXBuildFile;
			settings = {
			};
		};
		4BF6C3370AE3B7100063DA73 = {
			fileRef = F5C1FF850328C9C301053105;
			isa = PBXBuildFile;
			settings = {
			};
		};
		4BF6C3380AE3B7100063DA73 = {
			fileRef = F5D82C41032DEB9D01053105;
			isa = PBXBuildFile;
			settings = {
			};
		};
		4BF6C3390AE3B7100063DA73 = {
			fileRef = F5C1D5FE0330CD3801053105;
			isa = PBXBuildFile;
			settings = {
			};
		};
		4BF6C33A0AE3B7100063DA73 = {
			fileRef = F5C1D6000330CD3801053105;
			isa = PBXBuildFile;
			settings = {
			};
		};
		4BF6C33B0AE3B7100063DA73 = {
			fileRef = F5C1D6110330CD5501053105;
			isa = PBXBuildFile;
			settings = {
			};
		};
		4BF6C33C0AE3B7100063DA73 = {
			fileRef = F5C1D6130330CD5501053105;
			isa = PBXBuildFile;
			settings = {
			};
		};
		4BF6C33D0AE3B7100063DA73 = {
			fileRef = F5C1D61E0330CD7501053105;
			isa = PBXBuildFile;
			settings = {
			};
		};
		4BF6C33E0AE3B7100063DA73 = {
			fileRef = F5C1D6220330CD8701053105;
			isa = PBXBuildFile;
			settings = {
			};
		};
		4BF6C33F0AE3B7100063DA73 = {
			fileRef = F5C5B1FF033220AA01053105;
			isa = PBXBuildFile;
			settings = {
			};
		};
		4BF6C3400AE3B7100063DA73 = {
			fileRef = F5C5B205033220C001053105;
			isa = PBXBuildFile;
			settings = {
			};
		};
		4BF6C3410AE3B7100063DA73 = {
			fileRef = F5C5B21303322F5801053105;
			isa = PBXBuildFile;
			settings = {
			};
		};
		4BF6C3420AE3B7100063DA73 = {
			fileRef = F665FF400332A4BE01913B4D;
			isa = PBXBuildFile;
			settings = {
			};
		};
		4BF6C3430AE3B7100063DA73 = {
			fileRef = 4BA3E1780459506A00053105;
			isa = PBXBuildFile;
			settings = {
			};
		};
		4BF6C3440AE3B7100063DA73 = {
			fileRef = 4BB2752F056B798A00053105;
			isa = PBXBuildFile;
			settings = {
			};
		};
		4BF6C3450AE3B7100063DA73 = {
			fileRef = 4B0391DF0585040A006C929E;
			isa = PBXBuildFile;
			settings = {
			};
		};
		4BF6C3460AE3B7100063DA73 = {
			fileRef = 4B0391E10585040A006C929E;
			isa = PBXBuildFile;
			settings = {
			};
		};
		4BF6C3480AE3B7100063DA73 = {
			fileRef = F5C1D5E80330CCD601053105;
			isa = PBXBuildFile;
			settings = {
			};
		};
		4BF6C3490AE3B7100063DA73 = {
			fileRef = 4B51474A07F18D980059C4C8;
			isa = PBXBuildFile;
			settings = {
			};
		};
		4BF6C34A0AE3B7100063DA73 = {
			fileRef = 4B51474D07F18D9F0059C4C8;
			isa = PBXBuildFile;
			settings = {
			};
		};
		4BF6C34B0AE3B7100063DA73 = {
			fileRef = 4BCC1A8007F1AA7E003E6784;
			isa = PBXBuildFile;
			settings = {
			};
		};
		4BF6C34C0AE3B7100063DA73 = {
			fileRef = 4BC6136907F499E200ACC53C;
			isa = PBXBuildFile;
			settings = {
			};
		};
		4BF6C34D0AE3B7100063DA73 = {
			fileRef = F68E6D0F0334858B01DE1461;
			isa = PBXBuildFile;
			settings = {
			};
		};
		4BF6C34E0AE3B7100063DA73 = {
			fileRef = 4B83CA1A07FBE5AE00256489;
			isa = PBXBuildFile;
			settings = {
				ATTRIBUTES = (
					Public,
				);
			};
		};
		4BF6C34F0AE3B7100063DA73 = {
			fileRef = 4B7AFA7E085CB187002CD798;
			isa = PBXBuildFile;
			settings = {
			};
		};
		4BF6C3500AE3B7100063DA73 = {
			fileRef = 4B7AFA81085CB19E002CD798;
			isa = PBXBuildFile;
			settings = {
			};
		};
		4BF6C3510AE3B7100063DA73 = {
			fileRef = 4B7AFA84085CB1AD002CD798;
			isa = PBXBuildFile;
			settings = {
			};
		};
		4BF6C3520AE3B7100063DA73 = {
			fileRef = 4BFC6E7E08729C6F0012D079;
			isa = PBXBuildFile;
			settings = {
			};
		};
		4BF6C3530AE3B7100063DA73 = {
			fileRef = 4BFC6E8108729C830012D079;
			isa = PBXBuildFile;
			settings = {
			};
		};
		4BF6C3540AE3B7100063DA73 = {
			fileRef = 4BFC6E8408729C970012D079;
			isa = PBXBuildFile;
			settings = {
			};
		};
		4BF6C3550AE3B7100063DA73 = {
			fileRef = 4BF92831088E3B16006A013D;
			isa = PBXBuildFile;
			settings = {
			};
		};
		4BF6C3560AE3B7100063DA73 = {
			fileRef = 4B1C2D4D0894D242003BC2A6;
			isa = PBXBuildFile;
			settings = {
				ATTRIBUTES = (
					Public,
				);
			};
		};
		4BF6C3570AE3B7100063DA73 = {
			fileRef = 4BAC748E08CD8D6E00F6E555;
			isa = PBXBuildFile;
			settings = {
			};
		};
		4BF6C3580AE3B7100063DA73 = {
			fileRef = 4B94C8BA0AC9563800775F58;
			isa = PBXBuildFile;
			settings = {
			};
		};
		4BF6C35A0AE3B7100063DA73 = {
			buildActionMask = 2147483647;
			files = (
				4BF6C35B0AE3B7100063DA73,
			);
			isa = PBXResourcesBuildPhase;
			runOnlyForDeploymentPostprocessing = 0;
		};
		4BF6C35B0AE3B7100063DA73 = {
			fileRef = 4B8E185609FCD83000D586F5;
			isa = PBXBuildFile;
			settings = {
			};
		};
		4BF6C35C0AE3B7100063DA73 = {
			buildActionMask = 2147483647;
			files = (
				4BF6C35D0AE3B7100063DA73,
				4BF6C35E0AE3B7100063DA73,
				4BF6C35F0AE3B7100063DA73,
				4BF6C3600AE3B7100063DA73,
				4BF6C3610AE3B7100063DA73,
				4BF6C3620AE3B7100063DA73,
				4BF6C3630AE3B7100063DA73,
				4BF6C3640AE3B7100063DA73,
				4BF6C3650AE3B7100063DA73,
				4BF6C3660AE3B7100063DA73,
				4BF6C3670AE3B7100063DA73,
				4BF6C3680AE3B7100063DA73,
				4BF6C3690AE3B7100063DA73,
				4BF6C36A0AE3B7100063DA73,
				4BF6C36B0AE3B7100063DA73,
				4BF6C36C0AE3B7100063DA73,
				4BF6C36D0AE3B7100063DA73,
				4BF6C36E0AE3B7100063DA73,
				4BF6C36F0AE3B7100063DA73,
				4BF6C3700AE3B7100063DA73,
				4BF6C3720AE3B7100063DA73,
				4BF6C3730AE3B7100063DA73,
				4BF6C3740AE3B7100063DA73,
				4BF6C3750AE3B7100063DA73,
				4BF6C3760AE3B7100063DA73,
				4BF6C3770AE3B7100063DA73,
				4BF6C3C20AE3C0510063DA73,
			);
			isa = PBXSourcesBuildPhase;
			runOnlyForDeploymentPostprocessing = 0;
		};
		4BF6C35D0AE3B7100063DA73 = {
			fileRef = F5C1D58D0330C7F001053105;
			isa = PBXBuildFile;
			settings = {
			};
		};
		4BF6C35E0AE3B7100063DA73 = {
			fileRef = F5D82C47032DF3CC01053105;
			isa = PBXBuildFile;
			settings = {
			};
		};
		4BF6C35F0AE3B7100063DA73 = {
			fileRef = F5C1D5960330CB0801053105;
			isa = PBXBuildFile;
			settings = {
			};
		};
		4BF6C3600AE3B7100063DA73 = {
			fileRef = F5C1D59F0330CB2F01053105;
			isa = PBXBuildFile;
			settings = {
			};
		};
		4BF6C3610AE3B7100063DA73 = {
			fileRef = F5C1D5A80330CB4101053105;
			isa = PBXBuildFile;
			settings = {
			};
		};
		4BF6C3620AE3B7100063DA73 = {
			fileRef = F5C1D5D50330CC8501053105;
			isa = PBXBuildFile;
			settings = {
			};
		};
		4BF6C3630AE3B7100063DA73 = {
			fileRef = F6FC02B9033249ED010531C2;
			isa = PBXBuildFile;
			settings = {
			};
		};
		4BF6C3640AE3B7100063DA73 = {
			fileRef = F5C1D5E90330CCD601053105;
			isa = PBXBuildFile;
			settings = {
			};
		};
		4BF6C3650AE3B7100063DA73 = {
			fileRef = F5C1FF840328C9C301053105;
			isa = PBXBuildFile;
			settings = {
			};
		};
		4BF6C3660AE3B7100063DA73 = {
			fileRef = F5D82C44032DF22401053105;
			isa = PBXBuildFile;
			settings = {
			};
		};
		4BF6C3670AE3B7100063DA73 = {
			fileRef = F5C1D5FD0330CD3801053105;
			isa = PBXBuildFile;
			settings = {
			};
		};
		4BF6C3680AE3B7100063DA73 = {
			fileRef = F5C1D5FF0330CD3801053105;
			isa = PBXBuildFile;
			settings = {
			};
		};
		4BF6C3690AE3B7100063DA73 = {
			fileRef = F5C1D6100330CD5501053105;
			isa = PBXBuildFile;
			settings = {
			};
		};
		4BF6C36A0AE3B7100063DA73 = {
			fileRef = F5C1D6120330CD5501053105;
			isa = PBXBuildFile;
			settings = {
			};
		};
		4BF6C36B0AE3B7100063DA73 = {
			fileRef = F5C1D6210330CD8701053105;
			isa = PBXBuildFile;
			settings = {
			};
		};
		4BF6C36C0AE3B7100063DA73 = {
			fileRef = F5C5B1FE033220AA01053105;
			isa = PBXBuildFile;
			settings = {
			};
		};
		4BF6C36D0AE3B7100063DA73 = {
			fileRef = F5C5B204033220C001053105;
			isa = PBXBuildFile;
			settings = {
			};
		};
		4BF6C36E0AE3B7100063DA73 = {
			fileRef = F5C5B21203322F5801053105;
			isa = PBXBuildFile;
			settings = {
			};
		};
		4BF6C36F0AE3B7100063DA73 = {
			fileRef = 4BB27531056B7DF100053105;
			isa = PBXBuildFile;
			settings = {
			};
		};
		4BF6C3700AE3B7100063DA73 = {
			fileRef = 4B0391E00585040A006C929E;
			isa = PBXBuildFile;
			settings = {
			};
		};
		4BF6C3720AE3B7100063DA73 = {
			fileRef = 4B6B22F6071FB980005E6873;
			isa = PBXBuildFile;
			settings = {
			};
		};
		4BF6C3730AE3B7100063DA73 = {
			fileRef = 4B6B22FD071FB9D1005E6873;
			isa = PBXBuildFile;
			settings = {
			};
		};
		4BF6C3740AE3B7100063DA73 = {
			fileRef = 4BC6136207F4990300ACC53C;
			isa = PBXBuildFile;
			settings = {
			};
		};
		4BF6C3750AE3B7100063DA73 = {
			fileRef = 4BC6136407F4990B00ACC53C;
			isa = PBXBuildFile;
			settings = {
			};
		};
		4BF6C3760AE3B7100063DA73 = {
			fileRef = 4B83CA1907FBE5AE00256489;
			isa = PBXBuildFile;
			settings = {
			};
		};
		4BF6C3770AE3B7100063DA73 = {
			fileRef = 4B94C8BB0AC9563800775F58;
			isa = PBXBuildFile;
			settings = {
			};
		};
		4BF6C3790AE3B7100063DA73 = {
			buildActionMask = 2147483647;
			files = (
				4BF6C37A0AE3B7100063DA73,
				4BF6C37B0AE3B7100063DA73,
			);
			isa = PBXFrameworksBuildPhase;
			runOnlyForDeploymentPostprocessing = 0;
		};
		4BF6C37A0AE3B7100063DA73 = {
			fileRef = D3C5192308B9CD8D00C1962D;
			isa = PBXBuildFile;
			settings = {
			};
		};
		4BF6C37B0AE3B7100063DA73 = {
			fileRef = D3C5192408B9CD8D00C1962D;
			isa = PBXBuildFile;
			settings = {
			};
		};
		4BF6C37C0AE3B7100063DA73 = {
			buildActionMask = 2147483647;
			files = (
			);
			isa = PBXRezBuildPhase;
			runOnlyForDeploymentPostprocessing = 0;
		};
		4BF6C37D0AE3B7100063DA73 = {
			compilerSpec = com.apple.compilers.gcc;
			fileType = sourcecode.c;
			isEditable = 1;
			isa = PBXBuildRule;
			outputFiles = (
			);
		};
		4BF6C37E0AE3B7100063DA73 = {
			explicitFileType = wrapper.framework;
			includeInIndex = 0;
			isa = PBXFileReference;
			path = LibAudioStream.framework;
			refType = 3;
			sourceTree = BUILT_PRODUCTS_DIR;
		};
		4BF6C3BE0AE3C0510063DA73 = {
			fileEncoding = 30;
			isa = PBXFileReference;
			lastKnownFileType = sourcecode.cpp.cpp;
			name = TPortAudioRenderer.cpp;
			path = ../src/TPortAudioRenderer.cpp;
			refType = 2;
			sourceTree = SOURCE_ROOT;
		};
		4BF6C3BF0AE3C0510063DA73 = {
			fileEncoding = 30;
			isa = PBXFileReference;
			lastKnownFileType = sourcecode.c.h;
			name = TPortAudioRenderer.h;
			path = ../src/TPortAudioRenderer.h;
			refType = 2;
			sourceTree = SOURCE_ROOT;
		};
		4BF6C3C00AE3C0510063DA73 = {
			fileRef = 4BF6C3BE0AE3C0510063DA73;
			isa = PBXBuildFile;
			settings = {
			};
		};
		4BF6C3C10AE3C0510063DA73 = {
			fileRef = 4BF6C3BF0AE3C0510063DA73;
			isa = PBXBuildFile;
			settings = {
			};
		};
		4BF6C3C20AE3C0510063DA73 = {
			fileRef = 4BF6C3BE0AE3C0510063DA73;
			isa = PBXBuildFile;
			settings = {
			};
		};
		4BF6C3C30AE3C0510063DA73 = {
			fileRef = 4BF6C3BF0AE3C0510063DA73;
			isa = PBXBuildFile;
			settings = {
			};
		};
		4BF92831088E3B16006A013D = {
			fileEncoding = 30;
			isa = PBXFileReference;
			lastKnownFileType = sourcecode.c.h;
			name = TPanAudioEffect.h;
			path = ../src/TPanAudioEffect.h;
			refType = 2;
			sourceTree = SOURCE_ROOT;
		};
		4BFC6E7E08729C6F0012D079 = {
			fileEncoding = 30;
			isa = PBXFileReference;
			lastKnownFileType = sourcecode.c.h;
			name = TThreadUtils.h;
			path = ../src/TThreadUtils.h;
			refType = 2;
			sourceTree = SOURCE_ROOT;
		};
		4BFC6E8108729C830012D079 = {
			fileEncoding = 30;
			isa = PBXFileReference;
			lastKnownFileType = sourcecode.c.h;
			name = TBinaryAudioStream.h;
			path = ../src/TBinaryAudioStream.h;
			refType = 2;
			sourceTree = SOURCE_ROOT;
		};
		4BFC6E8408729C970012D079 = {
			fileEncoding = 30;
			isa = PBXFileReference;
			lastKnownFileType = sourcecode.c.h;
			name = TCmdHandler.h;
			path = ../src/TCmdHandler.h;
			refType = 2;
			sourceTree = SOURCE_ROOT;
		};
//4B0
//4B1
//4B2
//4B3
//4B4
//D30
//D31
//D32
//D33
//D34
		D3C5192308B9CD8D00C1962D = {
			isa = PBXFileReference;
			lastKnownFileType = wrapper.framework;
			name = Accelerate.framework;
			path = /System/Library/Frameworks/Accelerate.framework;
			refType = 0;
			sourceTree = "<absolute>";
		};
		D3C5192408B9CD8D00C1962D = {
			isa = PBXFileReference;
			lastKnownFileType = wrapper.framework;
			name = AudioToolbox.framework;
			path = /System/Library/Frameworks/AudioToolbox.framework;
			refType = 0;
			sourceTree = "<absolute>";
		};
//D30
//D31
//D32
//D33
//D34
//F50
//F51
//F52
//F53
//F54
		F5C1D58D0330C7F001053105 = {
			fileEncoding = 30;
			isa = PBXFileReference;
			lastKnownFileType = sourcecode.cpp.cpp;
			name = TAudioChannel.cpp;
			path = ../src/TAudioChannel.cpp;
			refType = 2;
			sourceTree = SOURCE_ROOT;
		};
		F5C1D58E0330C7F001053105 = {
			fileEncoding = 30;
			isa = PBXFileReference;
			lastKnownFileType = sourcecode.c.h;
			name = TAudioChannel.h;
			path = ../src/TAudioChannel.h;
			refType = 2;
			sourceTree = SOURCE_ROOT;
		};
		F5C1D5930330CAEF01053105 = {
			fileEncoding = 30;
			isa = PBXFileReference;
			lastKnownFileType = sourcecode.c.h;
			name = TPanTable.h;
			path = ../src/TPanTable.h;
			refType = 2;
			sourceTree = SOURCE_ROOT;
		};
		F5C1D5960330CB0801053105 = {
			fileEncoding = 30;
			isa = PBXFileReference;
			lastKnownFileType = sourcecode.cpp.cpp;
			name = TAudioMixer.cpp;
			path = ../src/TAudioMixer.cpp;
			refType = 2;
			sourceTree = SOURCE_ROOT;
		};
		F5C1D5970330CB0801053105 = {
			fileEncoding = 30;
			isa = PBXFileReference;
			lastKnownFileType = sourcecode.c.h;
			name = TAudioMixer.h;
			path = ../src/TAudioMixer.h;
			refType = 2;
			sourceTree = SOURCE_ROOT;
		};
		F5C1D59C0330CB1E01053105 = {
			fileEncoding = 30;
			isa = PBXFileReference;
			lastKnownFileType = sourcecode.c.h;
			name = TCmdManager.h;
			path = ../src/TCmdManager.h;
			refType = 2;
			sourceTree = SOURCE_ROOT;
		};
		F5C1D59F0330CB2F01053105 = {
			fileEncoding = 30;
			isa = PBXFileReference;
			lastKnownFileType = sourcecode.cpp.cpp;
			name = TThreadCmdManager.cpp;
			path = ../src/TThreadCmdManager.cpp;
			refType = 2;
			sourceTree = SOURCE_ROOT;
		};
		F5C1D5A00330CB2F01053105 = {
			fileEncoding = 30;
			isa = PBXFileReference;
			lastKnownFileType = sourcecode.c.h;
			name = TThreadCmdManager.h;
			path = ../src/TThreadCmdManager.h;
			refType = 2;
			sourceTree = SOURCE_ROOT;
		};
		F5C1D5A80330CB4101053105 = {
			fileEncoding = 30;
			isa = PBXFileReference;
			lastKnownFileType = sourcecode.cpp.cpp;
			name = TAudioStreamFactory.cpp;
			path = ../src/TAudioStreamFactory.cpp;
			refType = 2;
			sourceTree = SOURCE_ROOT;
		};
		F5C1D5BD0330CC5A01053105 = {
			fileEncoding = 30;
			isa = PBXFileReference;
			lastKnownFileType = sourcecode.c.h;
			name = Envelope.h;
			path = ../src/Envelope.h;
			refType = 2;
			sourceTree = SOURCE_ROOT;
		};
		F5C1D5D50330CC8501053105 = {
			fileEncoding = 30;
			isa = PBXFileReference;
			lastKnownFileType = sourcecode.cpp.cpp;
			name = Object.cpp;
			path = ../src/Object.cpp;
			refType = 2;
			sourceTree = SOURCE_ROOT;
		};
		F5C1D5D60330CC8501053105 = {
			fileEncoding = 30;
			isa = PBXFileReference;
			lastKnownFileType = sourcecode.c.h;
			name = Object.h;
			path = ../src/Object.h;
			refType = 2;
			sourceTree = SOURCE_ROOT;
		};
		F5C1D5E80330CCD601053105 = {
			fileEncoding = 30;
			isa = PBXFileReference;
			lastKnownFileType = sourcecode.c.h;
			name = TAudioEngine.h;
			path = ../src/TAudioEngine.h;
			refType = 2;
			sourceTree = SOURCE_ROOT;
		};
		F5C1D5E90330CCD601053105 = {
			fileEncoding = 30;
			isa = PBXFileReference;
			lastKnownFileType = sourcecode.cpp.cpp;
			name = TAudioGlobals.cpp;
			path = ../src/TAudioGlobals.cpp;
			refType = 2;
			sourceTree = SOURCE_ROOT;
		};
		F5C1D5EA0330CCD601053105 = {
			fileEncoding = 30;
			isa = PBXFileReference;
			lastKnownFileType = sourcecode.c.h;
			name = TAudioGlobals.h;
			path = ../src/TAudioGlobals.h;
			refType = 2;
			sourceTree = SOURCE_ROOT;
		};
		F5C1D5F90330CCFF01053105 = {
			fileEncoding = 30;
			isa = PBXFileReference;
			lastKnownFileType = sourcecode.c.h;
			name = TSharedBuffers.h;
			path = ../src/TSharedBuffers.h;
			refType = 2;
			sourceTree = SOURCE_ROOT;
		};
		F5C1D5FC0330CD3801053105 = {
			fileEncoding = 30;
			isa = PBXFileReference;
			lastKnownFileType = sourcecode.c.h;
			name = TAudioStream.h;
			path = ../src/TAudioStream.h;
			refType = 2;
			sourceTree = SOURCE_ROOT;
		};
		F5C1D5FD0330CD3801053105 = {
			fileEncoding = 30;
			isa = PBXFileReference;
			lastKnownFileType = sourcecode.cpp.cpp;
			name = TCutEndAudioStream.cpp;
			path = ../src/TCutEndAudioStream.cpp;
			refType = 2;
			sourceTree = SOURCE_ROOT;
		};
		F5C1D5FE0330CD3801053105 = {
			fileEncoding = 30;
			isa = PBXFileReference;
			lastKnownFileType = sourcecode.c.h;
			name = TCutEndAudioStream.h;
			path = ../src/TCutEndAudioStream.h;
			refType = 2;
			sourceTree = SOURCE_ROOT;
		};
		F5C1D5FF0330CD3801053105 = {
			fileEncoding = 30;
			isa = PBXFileReference;
			lastKnownFileType = sourcecode.cpp.cpp;
			name = TFadeAudioStream.cpp;
			path = ../src/TFadeAudioStream.cpp;
			refType = 2;
			sourceTree = SOURCE_ROOT;
		};
		F5C1D6000330CD3801053105 = {
			fileEncoding = 30;
			isa = PBXFileReference;
			lastKnownFileType = sourcecode.c.h;
			name = TFadeAudioStream.h;
			path = ../src/TFadeAudioStream.h;
			refType = 2;
			sourceTree = SOURCE_ROOT;
		};
		F5C1D6100330CD5501053105 = {
			fileEncoding = 30;
			isa = PBXFileReference;
			lastKnownFileType = sourcecode.cpp.cpp;
			name = TLoopAudioStream.cpp;
			path = ../src/TLoopAudioStream.cpp;
			refType = 2;
			sourceTree = SOURCE_ROOT;
		};
		F5C1D6110330CD5501053105 = {
			fileEncoding = 30;
			isa = PBXFileReference;
			lastKnownFileType = sourcecode.c.h;
			name = TLoopAudioStream.h;
			path = ../src/TLoopAudioStream.h;
			refType = 2;
			sourceTree = SOURCE_ROOT;
		};
		F5C1D6120330CD5501053105 = {
			fileEncoding = 30;
			isa = PBXFileReference;
			lastKnownFileType = sourcecode.cpp.cpp;
			name = TMixAudioStream.cpp;
			path = ../src/TMixAudioStream.cpp;
			refType = 2;
			sourceTree = SOURCE_ROOT;
		};
		F5C1D6130330CD5501053105 = {
			fileEncoding = 30;
			isa = PBXFileReference;
			lastKnownFileType = sourcecode.c.h;
			name = TMixAudioStream.h;
			path = ../src/TMixAudioStream.h;
			refType = 2;
			sourceTree = SOURCE_ROOT;
		};
		F5C1D61E0330CD7501053105 = {
			fileEncoding = 30;
			isa = PBXFileReference;
			lastKnownFileType = sourcecode.c.h;
			name = TNullAudioStream.h;
			path = ../src/TNullAudioStream.h;
			refType = 2;
			sourceTree = SOURCE_ROOT;
		};
		F5C1D6210330CD8701053105 = {
			fileEncoding = 30;
			isa = PBXFileReference;
			lastKnownFileType = sourcecode.cpp.cpp;
			name = TSeqAudioStream.cpp;
			path = ../src/TSeqAudioStream.cpp;
			refType = 2;
			sourceTree = SOURCE_ROOT;
		};
		F5C1D6220330CD8701053105 = {
			fileEncoding = 30;
			isa = PBXFileReference;
			lastKnownFileType = sourcecode.c.h;
			name = TSeqAudioStream.h;
			path = ../src/TSeqAudioStream.h;
			refType = 2;
			sourceTree = SOURCE_ROOT;
		};
		F5C1FF5A0328B73A01053105 = {
			children = (
				4BFC6E8408729C970012D079,
				4BFC6E7E08729C6F0012D079,
				F5C1D5FC0330CD3801053105,
				4BAC748E08CD8D6E00F6E555,
				4BFC6E8108729C830012D079,
				4BA3E1780459506A00053105,
				4B6B22F6071FB980005E6873,
				F5C1FF850328C9C301053105,
				F5C1FF840328C9C301053105,
				F5D82C41032DEB9D01053105,
				F5D82C44032DF22401053105,
				F5C1D5FD0330CD3801053105,
				F5C1D5FE0330CD3801053105,
				F5C1D5FF0330CD3801053105,
				F5C1D6000330CD3801053105,
				F5C1D6100330CD5501053105,
				F5C1D6110330CD5501053105,
				F5C1D6120330CD5501053105,
				F5C1D6130330CD5501053105,
				F5C1D61E0330CD7501053105,
				F5C1D6210330CD8701053105,
				F5C1D6220330CD8701053105,
				F5C5B1FE033220AA01053105,
				F5C5B1FF033220AA01053105,
				F5C5B204033220C001053105,
				F5C5B205033220C001053105,
				F5C5B21203322F5801053105,
				F5C5B21303322F5801053105,
				F665FF400332A4BE01913B4D,
			);
			isa = PBXGroup;
			name = Stream;
			refType = 4;
			sourceTree = "<group>";
		};
		F5C1FF5B0328B76601053105 = {
			children = (
				4B6B22FD071FB9D1005E6873,
				F5C1D5E80330CCD601053105,
				F5C1D5E90330CCD601053105,
				F5C1D5EA0330CCD601053105,
				F5C1D5F90330CCFF01053105,
			);
			isa = PBXGroup;
			name = Player;
			refType = 4;
			sourceTree = "<group>";
		};
		F5C1FF5C0328B78201053105 = {
			children = (
				4B51474207F18D680059C4C8,
				4B94C8BA0AC9563800775F58,
				4B94C8BB0AC9563800775F58,
				F5C1D5D50330CC8501053105,
				F5C1D5D60330CC8501053105,
				F5C1D5BD0330CC5A01053105,
				F6FC02B9033249ED010531C2,
				F68E6D0D0334858B01DE1461,
				F68E6D0F0334858B01DE1461,
				F5E2072A032E1EA501053105,
			);
			isa = PBXGroup;
			name = Tools;
			refType = 4;
			sourceTree = "<group>";
		};
		F5C1FF5D0328B7A301053105 = {
			children = (
				4B83CA1907FBE5AE00256489,
				4B83CA1A07FBE5AE00256489,
				4B1C2D4D0894D242003BC2A6,
			);
			isa = PBXGroup;
			name = Interface;
			refType = 4;
			sourceTree = "<group>";
		};
		F5C1FF5F0328B7D201053105 = {
			children = (
				4BC6136907F499E200ACC53C,
				F5C1D5A80330CB4101053105,
			);
			isa = PBXGroup;
			name = Factory;
			refType = 4;
			sourceTree = "<group>";
		};
		F5C1FF600328B7FA01053105 = {
			children = (
				F5C1D59C0330CB1E01053105,
				F5C1D59F0330CB2F01053105,
				F5C1D5A00330CB2F01053105,
			);
			isa = PBXGroup;
			name = Thread;
			path = "";
			refType = 4;
			sourceTree = "<group>";
		};
		F5C1FF840328C9C301053105 = {
			fileEncoding = 30;
			isa = PBXFileReference;
			lastKnownFileType = sourcecode.cpp.cpp;
			name = TBufferedAudioStream.cpp;
			path = ../src/TBufferedAudioStream.cpp;
			refType = 2;
			sourceTree = SOURCE_ROOT;
		};
		F5C1FF850328C9C301053105 = {
			fileEncoding = 30;
			isa = PBXFileReference;
			lastKnownFileType = sourcecode.c.h;
			name = TBufferedAudioStream.h;
			path = ../src/TBufferedAudioStream.h;
			refType = 2;
			sourceTree = SOURCE_ROOT;
		};
		F5C5B1FE033220AA01053105 = {
			fileEncoding = 30;
			isa = PBXFileReference;
			lastKnownFileType = sourcecode.cpp.cpp;
			name = TFileAudioStream.cpp;
			path = ../src/TFileAudioStream.cpp;
			refType = 2;
			sourceTree = SOURCE_ROOT;
		};
		F5C5B1FF033220AA01053105 = {
			fileEncoding = 30;
			isa = PBXFileReference;
			lastKnownFileType = sourcecode.c.h;
			name = TFileAudioStream.h;
			path = ../src/TFileAudioStream.h;
			refType = 2;
			sourceTree = SOURCE_ROOT;
		};
		F5C5B204033220C001053105 = {
			fileEncoding = 30;
			isa = PBXFileReference;
			lastKnownFileType = sourcecode.cpp.cpp;
			name = TReadFileAudioStream.cpp;
			path = ../src/TReadFileAudioStream.cpp;
			refType = 2;
			sourceTree = SOURCE_ROOT;
		};
		F5C5B205033220C001053105 = {
			fileEncoding = 30;
			isa = PBXFileReference;
			lastKnownFileType = sourcecode.c.h;
			name = TReadFileAudioStream.h;
			path = ../src/TReadFileAudioStream.h;
			refType = 2;
			sourceTree = SOURCE_ROOT;
		};
		F5C5B21203322F5801053105 = {
			fileEncoding = 30;
			isa = PBXFileReference;
			lastKnownFileType = sourcecode.cpp.cpp;
			name = TWriteFileAudioStream.cpp;
			path = ../src/TWriteFileAudioStream.cpp;
			refType = 2;
			sourceTree = SOURCE_ROOT;
		};
		F5C5B21303322F5801053105 = {
			fileEncoding = 30;
			isa = PBXFileReference;
			lastKnownFileType = sourcecode.c.h;
			name = TWriteFileAudioStream.h;
			path = ../src/TWriteFileAudioStream.h;
			refType = 2;
			sourceTree = SOURCE_ROOT;
		};
		F5D82C3D032DEAA101053105 = {
			children = (
				4B7AFA84085CB1AD002CD798,
				4B7AFA81085CB19E002CD798,
				4BF92831088E3B16006A013D,
				4B7AFA7E085CB187002CD798,
				F5D82C3E032DEAB501053105,
				F5D82C47032DF3CC01053105,
			);
			isa = PBXGroup;
			name = Effect;
			refType = 4;
			sourceTree = "<group>";
		};
		F5D82C3E032DEAB501053105 = {
			fileEncoding = 30;
			isa = PBXFileReference;
			lastKnownFileType = sourcecode.c.h;
			name = TAudioEffect.h;
			path = ../src/TAudioEffect.h;
			refType = 2;
			sourceTree = SOURCE_ROOT;
		};
		F5D82C41032DEB9D01053105 = {
			fileEncoding = 30;
			isa = PBXFileReference;
			lastKnownFileType = sourcecode.c.h;
			name = TTransformAudioStream.h;
			path = ../src/TTransformAudioStream.h;
			refType = 2;
			sourceTree = SOURCE_ROOT;
		};
		F5D82C44032DF22401053105 = {
			fileEncoding = 30;
			isa = PBXFileReference;
			lastKnownFileType = sourcecode.cpp.cpp;
			name = TTransformAudioStream.cpp;
			path = ../src/TTransformAudioStream.cpp;
			refType = 2;
			sourceTree = SOURCE_ROOT;
		};
		F5D82C47032DF3CC01053105 = {
			fileEncoding = 30;
			isa = PBXFileReference;
			lastKnownFileType = sourcecode.cpp.cpp;
			name = TAudioEffect.cpp;
			path = ../src/TAudioEffect.cpp;
			refType = 2;
			sourceTree = SOURCE_ROOT;
		};
		F5E2072A032E1EA501053105 = {
			fileEncoding = 30;
			isa = PBXFileReference;
			lastKnownFileType = sourcecode.c.h;
			name = TAudioBuffer.h;
			path = ../src/TAudioBuffer.h;
			refType = 2;
			sourceTree = SOURCE_ROOT;
		};
		F5EDBD20032F86EF01053105 = {
			children = (
				F5C1D5960330CB0801053105,
				F5C1D5970330CB0801053105,
			);
			isa = PBXGroup;
			name = Mixer;
			refType = 4;
			sourceTree = "<group>";
		};
		F5EDBD21032F870801053105 = {
			children = (
				F5C1D58D0330C7F001053105,
				F5C1D58E0330C7F001053105,
				F5C1D5930330CAEF01053105,
			);
			isa = PBXGroup;
			name = Channel;
			path = "";
			refType = 4;
			sourceTree = "<group>";
		};
		F5F4A853032657D901053105 = {
			fileEncoding = 30;
			isa = PBXFileReference;
			lastKnownFileType = sourcecode.c.h;
			name = TAudioConstants.h;
			path = ../src/TAudioConstants.h;
			refType = 2;
			sourceTree = SOURCE_ROOT;
		};
//F50
//F51
//F52
//F53
//F54
//F60
//F61
//F62
//F63
//F64
		F665FF400332A4BE01913B4D = {
			fileEncoding = 30;
			isa = PBXFileReference;
			lastKnownFileType = sourcecode.c.h;
			name = TInputAudioStream.h;
			path = ../src/TInputAudioStream.h;
			refType = 2;
			sourceTree = SOURCE_ROOT;
		};
		F666DED703EC03FB01D11C03 = {
			isa = PBXFileReference;
			lastKnownFileType = wrapper.framework;
			name = JavaVM.framework;
			path = /System/Library/Frameworks/JavaVM.framework;
			refType = 0;
			sourceTree = "<absolute>";
		};
		F68E6D0D0334858B01DE1461 = {
			fileEncoding = 30;
			isa = PBXFileReference;
			lastKnownFileType = sourcecode.c.h;
			name = UAudioTools.h;
			path = ../src/UAudioTools.h;
			refType = 2;
			sourceTree = SOURCE_ROOT;
		};
		F68E6D0F0334858B01DE1461 = {
			fileEncoding = 30;
			isa = PBXFileReference;
			lastKnownFileType = sourcecode.c.h;
			name = UTools.h;
			path = ../src/UTools.h;
			refType = 2;
			sourceTree = SOURCE_ROOT;
		};
		F6FC02B9033249ED010531C2 = {
			fileEncoding = 30;
			isa = PBXFileReference;
			lastKnownFileType = sourcecode.cpp.cpp;
			name = Envelope.cpp;
			path = ../src/Envelope.cpp;
			refType = 2;
			sourceTree = SOURCE_ROOT;
		};
	};
	rootObject = 08FB7793FE84155DC02AAC07;
}
